// !$*UTF8*$!
{
	archiveVersion = 1;
	classes = {
	};
	objectVersion = 50;
	objects = {

/* Begin PBXBuildFile section */
		82AF548422E8D89300550E9D /* AppDelegate.swift in Sources */ = {isa = PBXBuildFile; fileRef = 82AF548322E8D89300550E9D /* AppDelegate.swift */; };
		82AF548622E8D89300550E9D /* Document.swift in Sources */ = {isa = PBXBuildFile; fileRef = 82AF548522E8D89300550E9D /* Document.swift */; };
		82AF548822E8D89300550E9D /* ContentView.swift in Sources */ = {isa = PBXBuildFile; fileRef = 82AF548722E8D89300550E9D /* ContentView.swift */; };
		82AF548A22E8D89400550E9D /* Assets.xcassets in Resources */ = {isa = PBXBuildFile; fileRef = 82AF548922E8D89400550E9D /* Assets.xcassets */; };
		82AF548D22E8D89400550E9D /* Preview Assets.xcassets in Resources */ = {isa = PBXBuildFile; fileRef = 82AF548C22E8D89400550E9D /* Preview Assets.xcassets */; };
		82AF549022E8D89400550E9D /* Main.storyboard in Resources */ = {isa = PBXBuildFile; fileRef = 82AF548E22E8D89400550E9D /* Main.storyboard */; };
		82AF549C22E8D89500550E9D /* Compiler_ExplorerTests.swift in Sources */ = {isa = PBXBuildFile; fileRef = 82AF549B22E8D89500550E9D /* Compiler_ExplorerTests.swift */; };
		82AF54A722E8D89500550E9D /* Compiler_ExplorerUITests.swift in Sources */ = {isa = PBXBuildFile; fileRef = 82AF54A622E8D89500550E9D /* Compiler_ExplorerUITests.swift */; };
/* End PBXBuildFile section */

/* Begin PBXContainerItemProxy section */
		82AF549822E8D89500550E9D /* PBXContainerItemProxy */ = {
			isa = PBXContainerItemProxy;
			containerPortal = 82AF547822E8D89300550E9D /* Project object */;
			proxyType = 1;
			remoteGlobalIDString = 82AF547F22E8D89300550E9D;
			remoteInfo = "Compiler Explorer";
		};
		82AF54A322E8D89500550E9D /* PBXContainerItemProxy */ = {
			isa = PBXContainerItemProxy;
			containerPortal = 82AF547822E8D89300550E9D /* Project object */;
			proxyType = 1;
			remoteGlobalIDString = 82AF547F22E8D89300550E9D;
			remoteInfo = "Compiler Explorer";
		};
/* End PBXContainerItemProxy section */

/* Begin PBXFileReference section */
		82AF548022E8D89300550E9D /* Compiler Explorer.app */ = {isa = PBXFileReference; explicitFileType = wrapper.application; includeInIndex = 0; path = "Compiler Explorer.app"; sourceTree = BUILT_PRODUCTS_DIR; };
		82AF548322E8D89300550E9D /* AppDelegate.swift */ = {isa = PBXFileReference; lastKnownFileType = sourcecode.swift; path = AppDelegate.swift; sourceTree = "<group>"; };
		82AF548522E8D89300550E9D /* Document.swift */ = {isa = PBXFileReference; lastKnownFileType = sourcecode.swift; path = Document.swift; sourceTree = "<group>"; };
		82AF548722E8D89300550E9D /* ContentView.swift */ = {isa = PBXFileReference; lastKnownFileType = sourcecode.swift; path = ContentView.swift; sourceTree = "<group>"; };
		82AF548922E8D89400550E9D /* Assets.xcassets */ = {isa = PBXFileReference; lastKnownFileType = folder.assetcatalog; path = Assets.xcassets; sourceTree = "<group>"; };
		82AF548C22E8D89400550E9D /* Preview Assets.xcassets */ = {isa = PBXFileReference; lastKnownFileType = folder.assetcatalog; path = "Preview Assets.xcassets"; sourceTree = "<group>"; };
		82AF548F22E8D89400550E9D /* Base */ = {isa = PBXFileReference; lastKnownFileType = file.storyboard; name = Base; path = Base.lproj/Main.storyboard; sourceTree = "<group>"; };
		82AF549122E8D89400550E9D /* Info.plist */ = {isa = PBXFileReference; lastKnownFileType = text.plist.xml; path = Info.plist; sourceTree = "<group>"; };
		82AF549222E8D89400550E9D /* Compiler_Explorer.entitlements */ = {isa = PBXFileReference; lastKnownFileType = text.plist.entitlements; path = Compiler_Explorer.entitlements; sourceTree = "<group>"; };
		82AF549722E8D89500550E9D /* Compiler ExplorerTests.xctest */ = {isa = PBXFileReference; explicitFileType = wrapper.cfbundle; includeInIndex = 0; path = "Compiler ExplorerTests.xctest"; sourceTree = BUILT_PRODUCTS_DIR; };
		82AF549B22E8D89500550E9D /* Compiler_ExplorerTests.swift */ = {isa = PBXFileReference; lastKnownFileType = sourcecode.swift; path = Compiler_ExplorerTests.swift; sourceTree = "<group>"; };
		82AF549D22E8D89500550E9D /* Info.plist */ = {isa = PBXFileReference; lastKnownFileType = text.plist.xml; path = Info.plist; sourceTree = "<group>"; };
		82AF54A222E8D89500550E9D /* Compiler ExplorerUITests.xctest */ = {isa = PBXFileReference; explicitFileType = wrapper.cfbundle; includeInIndex = 0; path = "Compiler ExplorerUITests.xctest"; sourceTree = BUILT_PRODUCTS_DIR; };
		82AF54A622E8D89500550E9D /* Compiler_ExplorerUITests.swift */ = {isa = PBXFileReference; lastKnownFileType = sourcecode.swift; path = Compiler_ExplorerUITests.swift; sourceTree = "<group>"; };
		82AF54A822E8D89500550E9D /* Info.plist */ = {isa = PBXFileReference; lastKnownFileType = text.plist.xml; path = Info.plist; sourceTree = "<group>"; };
/* End PBXFileReference section */

/* Begin PBXFrameworksBuildPhase section */
		82AF547D22E8D89300550E9D /* Frameworks */ = {
			isa = PBXFrameworksBuildPhase;
			buildActionMask = 2147483647;
			files = (
			);
			runOnlyForDeploymentPostprocessing = 0;
		};
		82AF549422E8D89500550E9D /* Frameworks */ = {
			isa = PBXFrameworksBuildPhase;
			buildActionMask = 2147483647;
			files = (
			);
			runOnlyForDeploymentPostprocessing = 0;
		};
		82AF549F22E8D89500550E9D /* Frameworks */ = {
			isa = PBXFrameworksBuildPhase;
			buildActionMask = 2147483647;
			files = (
			);
			runOnlyForDeploymentPostprocessing = 0;
		};
/* End PBXFrameworksBuildPhase section */

/* Begin PBXGroup section */
		82AF547722E8D89300550E9D = {
			isa = PBXGroup;
			children = (
				82AF548222E8D89300550E9D /* Compiler Explorer */,
				82AF549A22E8D89500550E9D /* Compiler ExplorerTests */,
				82AF54A522E8D89500550E9D /* Compiler ExplorerUITests */,
				82AF548122E8D89300550E9D /* Products */,
			);
			sourceTree = "<group>";
		};
		82AF548122E8D89300550E9D /* Products */ = {
			isa = PBXGroup;
			children = (
				82AF548022E8D89300550E9D /* Compiler Explorer.app */,
				82AF549722E8D89500550E9D /* Compiler ExplorerTests.xctest */,
				82AF54A222E8D89500550E9D /* Compiler ExplorerUITests.xctest */,
			);
			name = Products;
			sourceTree = "<group>";
		};
		82AF548222E8D89300550E9D /* Compiler Explorer */ = {
			isa = PBXGroup;
			children = (
				82AF548322E8D89300550E9D /* AppDelegate.swift */,
				82AF548522E8D89300550E9D /* Document.swift */,
				82AF548722E8D89300550E9D /* ContentView.swift */,
				82AF548922E8D89400550E9D /* Assets.xcassets */,
				82AF548E22E8D89400550E9D /* Main.storyboard */,
				82AF549122E8D89400550E9D /* Info.plist */,
				82AF549222E8D89400550E9D /* Compiler_Explorer.entitlements */,
				82AF548B22E8D89400550E9D /* Preview Content */,
			);
			path = "Compiler Explorer";
			sourceTree = "<group>";
		};
		82AF548B22E8D89400550E9D /* Preview Content */ = {
			isa = PBXGroup;
			children = (
				82AF548C22E8D89400550E9D /* Preview Assets.xcassets */,
			);
			path = "Preview Content";
			sourceTree = "<group>";
		};
		82AF549A22E8D89500550E9D /* Compiler ExplorerTests */ = {
			isa = PBXGroup;
			children = (
				82AF549B22E8D89500550E9D /* Compiler_ExplorerTests.swift */,
				82AF549D22E8D89500550E9D /* Info.plist */,
			);
			path = "Compiler ExplorerTests";
			sourceTree = "<group>";
		};
		82AF54A522E8D89500550E9D /* Compiler ExplorerUITests */ = {
			isa = PBXGroup;
			children = (
				82AF54A622E8D89500550E9D /* Compiler_ExplorerUITests.swift */,
				82AF54A822E8D89500550E9D /* Info.plist */,
			);
			path = "Compiler ExplorerUITests";
			sourceTree = "<group>";
		};
/* End PBXGroup section */

/* Begin PBXNativeTarget section */
		82AF547F22E8D89300550E9D /* Compiler Explorer */ = {
			isa = PBXNativeTarget;
			buildConfigurationList = 82AF54AB22E8D89500550E9D /* Build configuration list for PBXNativeTarget "Compiler Explorer" */;
			buildPhases = (
				82AF547C22E8D89300550E9D /* Sources */,
				82AF547D22E8D89300550E9D /* Frameworks */,
				82AF547E22E8D89300550E9D /* Resources */,
			);
			buildRules = (
			);
			dependencies = (
			);
			name = "Compiler Explorer";
			productName = "Compiler Explorer";
			productReference = 82AF548022E8D89300550E9D /* Compiler Explorer.app */;
			productType = "com.apple.product-type.application";
		};
		82AF549622E8D89500550E9D /* Compiler ExplorerTests */ = {
			isa = PBXNativeTarget;
			buildConfigurationList = 82AF54AE22E8D89500550E9D /* Build configuration list for PBXNativeTarget "Compiler ExplorerTests" */;
			buildPhases = (
				82AF549322E8D89500550E9D /* Sources */,
				82AF549422E8D89500550E9D /* Frameworks */,
				82AF549522E8D89500550E9D /* Resources */,
			);
			buildRules = (
			);
			dependencies = (
				82AF549922E8D89500550E9D /* PBXTargetDependency */,
			);
			name = "Compiler ExplorerTests";
			productName = "Compiler ExplorerTests";
			productReference = 82AF549722E8D89500550E9D /* Compiler ExplorerTests.xctest */;
			productType = "com.apple.product-type.bundle.unit-test";
		};
		82AF54A122E8D89500550E9D /* Compiler ExplorerUITests */ = {
			isa = PBXNativeTarget;
			buildConfigurationList = 82AF54B122E8D89500550E9D /* Build configuration list for PBXNativeTarget "Compiler ExplorerUITests" */;
			buildPhases = (
				82AF549E22E8D89500550E9D /* Sources */,
				82AF549F22E8D89500550E9D /* Frameworks */,
				82AF54A022E8D89500550E9D /* Resources */,
			);
			buildRules = (
			);
			dependencies = (
				82AF54A422E8D89500550E9D /* PBXTargetDependency */,
			);
			name = "Compiler ExplorerUITests";
			productName = "Compiler ExplorerUITests";
			productReference = 82AF54A222E8D89500550E9D /* Compiler ExplorerUITests.xctest */;
			productType = "com.apple.product-type.bundle.ui-testing";
		};
/* End PBXNativeTarget section */

/* Begin PBXProject section */
		82AF547822E8D89300550E9D /* Project object */ = {
			isa = PBXProject;
			attributes = {
				LastSwiftUpdateCheck = 1100;
				LastUpgradeCheck = 1100;
				ORGANIZATIONNAME = CodaFi;
				TargetAttributes = {
					82AF547F22E8D89300550E9D = {
						CreatedOnToolsVersion = 11.0;
					};
					82AF549622E8D89500550E9D = {
						CreatedOnToolsVersion = 11.0;
						TestTargetID = 82AF547F22E8D89300550E9D;
					};
					82AF54A122E8D89500550E9D = {
						CreatedOnToolsVersion = 11.0;
						TestTargetID = 82AF547F22E8D89300550E9D;
					};
				};
			};
			buildConfigurationList = 82AF547B22E8D89300550E9D /* Build configuration list for PBXProject "Compiler Explorer" */;
			compatibilityVersion = "Xcode 9.3";
			developmentRegion = en;
			hasScannedForEncodings = 0;
			knownRegions = (
				en,
				Base,
			);
			mainGroup = 82AF547722E8D89300550E9D;
			productRefGroup = 82AF548122E8D89300550E9D /* Products */;
			projectDirPath = "";
			projectRoot = "";
			targets = (
				82AF547F22E8D89300550E9D /* Compiler Explorer */,
				82AF549622E8D89500550E9D /* Compiler ExplorerTests */,
				82AF54A122E8D89500550E9D /* Compiler ExplorerUITests */,
			);
		};
/* End PBXProject section */

/* Begin PBXResourcesBuildPhase section */
		82AF547E22E8D89300550E9D /* Resources */ = {
			isa = PBXResourcesBuildPhase;
			buildActionMask = 2147483647;
			files = (
				82AF549022E8D89400550E9D /* Main.storyboard in Resources */,
				82AF548D22E8D89400550E9D /* Preview Assets.xcassets in Resources */,
				82AF548A22E8D89400550E9D /* Assets.xcassets in Resources */,
			);
			runOnlyForDeploymentPostprocessing = 0;
		};
		82AF549522E8D89500550E9D /* Resources */ = {
			isa = PBXResourcesBuildPhase;
			buildActionMask = 2147483647;
			files = (
			);
			runOnlyForDeploymentPostprocessing = 0;
		};
		82AF54A022E8D89500550E9D /* Resources */ = {
			isa = PBXResourcesBuildPhase;
			buildActionMask = 2147483647;
			files = (
			);
			runOnlyForDeploymentPostprocessing = 0;
		};
/* End PBXResourcesBuildPhase section */

/* Begin PBXSourcesBuildPhase section */
		82AF547C22E8D89300550E9D /* Sources */ = {
			isa = PBXSourcesBuildPhase;
			buildActionMask = 2147483647;
			files = (
				82AF548622E8D89300550E9D /* Document.swift in Sources */,
				82AF548422E8D89300550E9D /* AppDelegate.swift in Sources */,
				82AF548822E8D89300550E9D /* ContentView.swift in Sources */,
			);
			runOnlyForDeploymentPostprocessing = 0;
		};
		82AF549322E8D89500550E9D /* Sources */ = {
			isa = PBXSourcesBuildPhase;
			buildActionMask = 2147483647;
			files = (
				82AF549C22E8D89500550E9D /* Compiler_ExplorerTests.swift in Sources */,
			);
			runOnlyForDeploymentPostprocessing = 0;
		};
		82AF549E22E8D89500550E9D /* Sources */ = {
			isa = PBXSourcesBuildPhase;
			buildActionMask = 2147483647;
			files = (
				82AF54A722E8D89500550E9D /* Compiler_ExplorerUITests.swift in Sources */,
			);
			runOnlyForDeploymentPostprocessing = 0;
		};
/* End PBXSourcesBuildPhase section */

/* Begin PBXTargetDependency section */
		82AF549922E8D89500550E9D /* PBXTargetDependency */ = {
			isa = PBXTargetDependency;
			target = 82AF547F22E8D89300550E9D /* Compiler Explorer */;
			targetProxy = 82AF549822E8D89500550E9D /* PBXContainerItemProxy */;
		};
		82AF54A422E8D89500550E9D /* PBXTargetDependency */ = {
			isa = PBXTargetDependency;
			target = 82AF547F22E8D89300550E9D /* Compiler Explorer */;
			targetProxy = 82AF54A322E8D89500550E9D /* PBXContainerItemProxy */;
		};
/* End PBXTargetDependency section */

/* Begin PBXVariantGroup section */
		82AF548E22E8D89400550E9D /* Main.storyboard */ = {
			isa = PBXVariantGroup;
			children = (
				82AF548F22E8D89400550E9D /* Base */,
			);
			name = Main.storyboard;
			sourceTree = "<group>";
		};
/* End PBXVariantGroup section */

/* Begin XCBuildConfiguration section */
		82AF54A922E8D89500550E9D /* Debug */ = {
			isa = XCBuildConfiguration;
			buildSettings = {
				ALWAYS_SEARCH_USER_PATHS = NO;
				CLANG_ANALYZER_NONNULL = YES;
				CLANG_ANALYZER_NUMBER_OBJECT_CONVERSION = YES_AGGRESSIVE;
				CLANG_CXX_LANGUAGE_STANDARD = "gnu++14";
				CLANG_CXX_LIBRARY = "libc++";
				CLANG_ENABLE_MODULES = YES;
				CLANG_ENABLE_OBJC_ARC = YES;
				CLANG_ENABLE_OBJC_WEAK = YES;
				CLANG_WARN_BLOCK_CAPTURE_AUTORELEASING = YES;
				CLANG_WARN_BOOL_CONVERSION = YES;
				CLANG_WARN_COMMA = YES;
				CLANG_WARN_CONSTANT_CONVERSION = YES;
				CLANG_WARN_DEPRECATED_OBJC_IMPLEMENTATIONS = YES;
				CLANG_WARN_DIRECT_OBJC_ISA_USAGE = YES_ERROR;
				CLANG_WARN_DOCUMENTATION_COMMENTS = YES;
				CLANG_WARN_EMPTY_BODY = YES;
				CLANG_WARN_ENUM_CONVERSION = YES;
				CLANG_WARN_INFINITE_RECURSION = YES;
				CLANG_WARN_INT_CONVERSION = YES;
				CLANG_WARN_NON_LITERAL_NULL_CONVERSION = YES;
				CLANG_WARN_OBJC_IMPLICIT_RETAIN_SELF = YES;
				CLANG_WARN_OBJC_LITERAL_CONVERSION = YES;
				CLANG_WARN_OBJC_ROOT_CLASS = YES_ERROR;
				CLANG_WARN_RANGE_LOOP_ANALYSIS = YES;
				CLANG_WARN_STRICT_PROTOTYPES = YES;
				CLANG_WARN_SUSPICIOUS_MOVE = YES;
				CLANG_WARN_UNGUARDED_AVAILABILITY = YES_AGGRESSIVE;
				CLANG_WARN_UNREACHABLE_CODE = YES;
				CLANG_WARN__DUPLICATE_METHOD_MATCH = YES;
				COPY_PHASE_STRIP = NO;
				DEBUG_INFORMATION_FORMAT = dwarf;
				ENABLE_STRICT_OBJC_MSGSEND = YES;
				ENABLE_TESTABILITY = YES;
				GCC_C_LANGUAGE_STANDARD = gnu11;
				GCC_DYNAMIC_NO_PIC = NO;
				GCC_NO_COMMON_BLOCKS = YES;
				GCC_OPTIMIZATION_LEVEL = 0;
				GCC_PREPROCESSOR_DEFINITIONS = (
					"DEBUG=1",
					"$(inherited)",
				);
				GCC_WARN_64_TO_32_BIT_CONVERSION = YES;
				GCC_WARN_ABOUT_RETURN_TYPE = YES_ERROR;
				GCC_WARN_UNDECLARED_SELECTOR = YES;
				GCC_WARN_UNINITIALIZED_AUTOS = YES_AGGRESSIVE;
				GCC_WARN_UNUSED_FUNCTION = YES;
				GCC_WARN_UNUSED_VARIABLE = YES;
				MACOSX_DEPLOYMENT_TARGET = 10.15;
				MTL_ENABLE_DEBUG_INFO = INCLUDE_SOURCE;
				MTL_FAST_MATH = YES;
				ONLY_ACTIVE_ARCH = YES;
				SDKROOT = macosx;
				SWIFT_ACTIVE_COMPILATION_CONDITIONS = DEBUG;
				SWIFT_OPTIMIZATION_LEVEL = "-Onone";
			};
			name = Debug;
		};
		82AF54AA22E8D89500550E9D /* Release */ = {
			isa = XCBuildConfiguration;
			buildSettings = {
				ALWAYS_SEARCH_USER_PATHS = NO;
				CLANG_ANALYZER_NONNULL = YES;
				CLANG_ANALYZER_NUMBER_OBJECT_CONVERSION = YES_AGGRESSIVE;
				CLANG_CXX_LANGUAGE_STANDARD = "gnu++14";
				CLANG_CXX_LIBRARY = "libc++";
				CLANG_ENABLE_MODULES = YES;
				CLANG_ENABLE_OBJC_ARC = YES;
				CLANG_ENABLE_OBJC_WEAK = YES;
				CLANG_WARN_BLOCK_CAPTURE_AUTORELEASING = YES;
				CLANG_WARN_BOOL_CONVERSION = YES;
				CLANG_WARN_COMMA = YES;
				CLANG_WARN_CONSTANT_CONVERSION = YES;
				CLANG_WARN_DEPRECATED_OBJC_IMPLEMENTATIONS = YES;
				CLANG_WARN_DIRECT_OBJC_ISA_USAGE = YES_ERROR;
				CLANG_WARN_DOCUMENTATION_COMMENTS = YES;
				CLANG_WARN_EMPTY_BODY = YES;
				CLANG_WARN_ENUM_CONVERSION = YES;
				CLANG_WARN_INFINITE_RECURSION = YES;
				CLANG_WARN_INT_CONVERSION = YES;
				CLANG_WARN_NON_LITERAL_NULL_CONVERSION = YES;
				CLANG_WARN_OBJC_IMPLICIT_RETAIN_SELF = YES;
				CLANG_WARN_OBJC_LITERAL_CONVERSION = YES;
				CLANG_WARN_OBJC_ROOT_CLASS = YES_ERROR;
				CLANG_WARN_RANGE_LOOP_ANALYSIS = YES;
				CLANG_WARN_STRICT_PROTOTYPES = YES;
				CLANG_WARN_SUSPICIOUS_MOVE = YES;
				CLANG_WARN_UNGUARDED_AVAILABILITY = YES_AGGRESSIVE;
				CLANG_WARN_UNREACHABLE_CODE = YES;
				CLANG_WARN__DUPLICATE_METHOD_MATCH = YES;
				COPY_PHASE_STRIP = NO;
				DEBUG_INFORMATION_FORMAT = "dwarf-with-dsym";
				ENABLE_NS_ASSERTIONS = NO;
				ENABLE_STRICT_OBJC_MSGSEND = YES;
				GCC_C_LANGUAGE_STANDARD = gnu11;
				GCC_NO_COMMON_BLOCKS = YES;
				GCC_WARN_64_TO_32_BIT_CONVERSION = YES;
				GCC_WARN_ABOUT_RETURN_TYPE = YES_ERROR;
				GCC_WARN_UNDECLARED_SELECTOR = YES;
				GCC_WARN_UNINITIALIZED_AUTOS = YES_AGGRESSIVE;
				GCC_WARN_UNUSED_FUNCTION = YES;
				GCC_WARN_UNUSED_VARIABLE = YES;
				MACOSX_DEPLOYMENT_TARGET = 10.15;
				MTL_ENABLE_DEBUG_INFO = NO;
				MTL_FAST_MATH = YES;
				SDKROOT = macosx;
				SWIFT_COMPILATION_MODE = wholemodule;
				SWIFT_OPTIMIZATION_LEVEL = "-O";
			};
			name = Release;
		};
		82AF54AC22E8D89500550E9D /* Debug */ = {
			isa = XCBuildConfiguration;
			buildSettings = {
				ASSETCATALOG_COMPILER_APPICON_NAME = AppIcon;
				CODE_SIGN_ENTITLEMENTS = "Compiler Explorer/Compiler_Explorer.entitlements";
				CODE_SIGN_STYLE = Automatic;
				COMBINE_HIDPI_IMAGES = YES;
				DEVELOPMENT_ASSET_PATHS = "\"Compiler Explorer\"/Preview\\ Content";
				DEVELOPMENT_TEAM = D33M56YTC8;
				ENABLE_HARDENED_RUNTIME = YES;
				ENABLE_PREVIEWS = YES;
				INFOPLIST_FILE = "Compiler Explorer/Info.plist";
				LD_RUNPATH_SEARCH_PATHS = (
					"$(inherited)",
					"@executable_path/../Frameworks",
				);
				PRODUCT_BUNDLE_IDENTIFIER = "com.codafi.Compiler-Explorer";
				PRODUCT_NAME = "$(TARGET_NAME)";
				SWIFT_VERSION = 5.0;
			};
			name = Debug;
		};
		82AF54AD22E8D89500550E9D /* Release */ = {
			isa = XCBuildConfiguration;
			buildSettings = {
				ASSETCATALOG_COMPILER_APPICON_NAME = AppIcon;
				CODE_SIGN_ENTITLEMENTS = "Compiler Explorer/Compiler_Explorer.entitlements";
				CODE_SIGN_STYLE = Automatic;
				COMBINE_HIDPI_IMAGES = YES;
				DEVELOPMENT_ASSET_PATHS = "\"Compiler Explorer\"/Preview\\ Content";
				DEVELOPMENT_TEAM = D33M56YTC8;
				ENABLE_HARDENED_RUNTIME = YES;
				ENABLE_PREVIEWS = YES;
				INFOPLIST_FILE = "Compiler Explorer/Info.plist";
				LD_RUNPATH_SEARCH_PATHS = (
					"$(inherited)",
					"@executable_path/../Frameworks",
				);
				PRODUCT_BUNDLE_IDENTIFIER = "com.codafi.Compiler-Explorer";
				PRODUCT_NAME = "$(TARGET_NAME)";
				SWIFT_VERSION = 5.0;
			};
			name = Release;
		};
		82AF54AF22E8D89500550E9D /* Debug */ = {
			isa = XCBuildConfiguration;
			buildSettings = {
				ALWAYS_EMBED_SWIFT_STANDARD_LIBRARIES = YES;
				BUNDLE_LOADER = "$(TEST_HOST)";
				CODE_SIGN_STYLE = Automatic;
				COMBINE_HIDPI_IMAGES = YES;
				DEVELOPMENT_TEAM = D33M56YTC8;
				INFOPLIST_FILE = "Compiler ExplorerTests/Info.plist";
				LD_RUNPATH_SEARCH_PATHS = (
					"$(inherited)",
					"@executable_path/../Frameworks",
					"@loader_path/../Frameworks",
				);
				PRODUCT_BUNDLE_IDENTIFIER = "com.codafi.Compiler-ExplorerTests";
				PRODUCT_NAME = "$(TARGET_NAME)";
				SWIFT_VERSION = 5.0;
				TEST_HOST = "$(BUILT_PRODUCTS_DIR)/Compiler Explorer.app/Contents/MacOS/Compiler Explorer";
			};
			name = Debug;
		};
		82AF54B022E8D89500550E9D /* Release */ = {
			isa = XCBuildConfiguration;
			buildSettings = {
				ALWAYS_EMBED_SWIFT_STANDARD_LIBRARIES = YES;
				BUNDLE_LOADER = "$(TEST_HOST)";
				CODE_SIGN_STYLE = Automatic;
				COMBINE_HIDPI_IMAGES = YES;
				DEVELOPMENT_TEAM = D33M56YTC8;
				INFOPLIST_FILE = "Compiler ExplorerTests/Info.plist";
				LD_RUNPATH_SEARCH_PATHS = (
					"$(inherited)",
					"@executable_path/../Frameworks",
					"@loader_path/../Frameworks",
				);
				PRODUCT_BUNDLE_IDENTIFIER = "com.codafi.Compiler-ExplorerTests";
				PRODUCT_NAME = "$(TARGET_NAME)";
				SWIFT_VERSION = 5.0;
				TEST_HOST = "$(BUILT_PRODUCTS_DIR)/Compiler Explorer.app/Contents/MacOS/Compiler Explorer";
			};
			name = Release;
		};
		82AF54B222E8D89500550E9D /* Debug */ = {
			isa = XCBuildConfiguration;
			buildSettings = {
				ALWAYS_EMBED_SWIFT_STANDARD_LIBRARIES = YES;
				CODE_SIGN_STYLE = Automatic;
				COMBINE_HIDPI_IMAGES = YES;
				DEVELOPMENT_TEAM = D33M56YTC8;
				INFOPLIST_FILE = "Compiler ExplorerUITests/Info.plist";
				LD_RUNPATH_SEARCH_PATHS = (
					"$(inherited)",
					"@executable_path/../Frameworks",
					"@loader_path/../Frameworks",
				);
				PRODUCT_BUNDLE_IDENTIFIER = "com.codafi.Compiler-ExplorerUITests";
				PRODUCT_NAME = "$(TARGET_NAME)";
				SWIFT_VERSION = 5.0;
				TEST_TARGET_NAME = "Compiler Explorer";
			};
			name = Debug;
		};
		82AF54B322E8D89500550E9D /* Release */ = {
			isa = XCBuildConfiguration;
			buildSettings = {
				ALWAYS_EMBED_SWIFT_STANDARD_LIBRARIES = YES;
				CODE_SIGN_STYLE = Automatic;
				COMBINE_HIDPI_IMAGES = YES;
				DEVELOPMENT_TEAM = D33M56YTC8;
				INFOPLIST_FILE = "Compiler ExplorerUITests/Info.plist";
				LD_RUNPATH_SEARCH_PATHS = (
					"$(inherited)",
					"@executable_path/../Frameworks",
					"@loader_path/../Frameworks",
				);
				PRODUCT_BUNDLE_IDENTIFIER = "com.codafi.Compiler-ExplorerUITests";
				PRODUCT_NAME = "$(TARGET_NAME)";
				SWIFT_VERSION = 5.0;
				TEST_TARGET_NAME = "Compiler Explorer";
			};
			name = Release;
		};
/* End XCBuildConfiguration section */

/* Begin XCConfigurationList section */
		82AF547B22E8D89300550E9D /* Build configuration list for PBXProject "Compiler Explorer" */ = {
			isa = XCConfigurationList;
			buildConfigurations = (
				82AF54A922E8D89500550E9D /* Debug */,
				82AF54AA22E8D89500550E9D /* Release */,
			);
			defaultConfigurationIsVisible = 0;
			defaultConfigurationName = Release;
		};
		82AF54AB22E8D89500550E9D /* Build configuration list for PBXNativeTarget "Compiler Explorer" */ = {
			isa = XCConfigurationList;
			buildConfigurations = (
				82AF54AC22E8D89500550E9D /* Debug */,
				82AF54AD22E8D89500550E9D /* Release */,
			);
			defaultConfigurationIsVisible = 0;
			defaultConfigurationName = Release;
		};
		82AF54AE22E8D89500550E9D /* Build configuration list for PBXNativeTarget "Compiler ExplorerTests" */ = {
			isa = XCConfigurationList;
			buildConfigurations = (
				82AF54AF22E8D89500550E9D /* Debug */,
				82AF54B022E8D89500550E9D /* Release */,
			);
			defaultConfigurationIsVisible = 0;
			defaultConfigurationName = Release;
		};
		82AF54B122E8D89500550E9D /* Build configuration list for PBXNativeTarget "Compiler ExplorerUITests" */ = {
			isa = XCConfigurationList;
			buildConfigurations = (
				82AF54B222E8D89500550E9D /* Debug */,
				82AF54B322E8D89500550E9D /* Release */,
			);
			defaultConfigurationIsVisible = 0;
			defaultConfigurationName = Release;
		};
/* End XCConfigurationList section */
	};
	rootObject = 82AF547822E8D89300550E9D /* Project object */;
}
