// !$*UTF8*$!
{
	archiveVersion = 1;
	classes = {
	};
	objectVersion = 50;
	objects = {

/* Begin PBXBuildFile section */
		4EFF20C022EB553300D76638 /* CompilerToggleView.swift in Sources */ = {isa = PBXBuildFile; fileRef = 4EFF20B622EB553100D76638 /* CompilerToggleView.swift */; };
		4EFF20C122EB553300D76638 /* ReadOnlyEditorViewWrapper.swift in Sources */ = {isa = PBXBuildFile; fileRef = 4EFF20B722EB553200D76638 /* ReadOnlyEditorViewWrapper.swift */; };
		4EFF20C522EB553300D76638 /* DocumentController.swift in Sources */ = {isa = PBXBuildFile; fileRef = 4EFF20BB22EB553200D76638 /* DocumentController.swift */; };
		4EFF20C622EB553300D76638 /* CompilerSelectorView.swift in Sources */ = {isa = PBXBuildFile; fileRef = 4EFF20BC22EB553200D76638 /* CompilerSelectorView.swift */; };
		4EFF20C722EB553300D76638 /* Preferences.swift in Sources */ = {isa = PBXBuildFile; fileRef = 4EFF20BD22EB553200D76638 /* Preferences.swift */; };
		8209E23A22F56AA600C8CA49 /* ShortlinkPanelView.swift in Sources */ = {isa = PBXBuildFile; fileRef = 8209E23922F56AA600C8CA49 /* ShortlinkPanelView.swift */; };
		8209E23C22F56B3200C8CA49 /* NativeCopyableTextField.swift in Sources */ = {isa = PBXBuildFile; fileRef = 8209E23B22F56B3200C8CA49 /* NativeCopyableTextField.swift */; };
		8209E23E22F5754D00C8CA49 /* Shortlink.swift in Sources */ = {isa = PBXBuildFile; fileRef = 8209E23D22F5754D00C8CA49 /* Shortlink.swift */; };
		8209E24022F60AA400C8CA49 /* NativeShareButton.swift in Sources */ = {isa = PBXBuildFile; fileRef = 8209E23F22F60AA400C8CA49 /* NativeShareButton.swift */; };
		8209E24822F6154100C8CA49 /* Tables.swift in Sources */ = {isa = PBXBuildFile; fileRef = 8209E24722F6154100C8CA49 /* Tables.swift */; };
		8209E24F22F62C1200C8CA49 /* UniversalTheme.swift in Sources */ = {isa = PBXBuildFile; fileRef = 8209E24E22F62C1200C8CA49 /* UniversalTheme.swift */; };
		8209E25122F6430D00C8CA49 /* LLVMLexer.swift in Sources */ = {isa = PBXBuildFile; fileRef = 8209E25022F6430D00C8CA49 /* LLVMLexer.swift */; };
		8209E25522F6468900C8CA49 /* TokenizingLexer.swift in Sources */ = {isa = PBXBuildFile; fileRef = 8209E25422F6468900C8CA49 /* TokenizingLexer.swift */; };
		8209E25D22F647F400C8CA49 /* CppLexer.swift in Sources */ = {isa = PBXBuildFile; fileRef = 8209E25C22F647F400C8CA49 /* CppLexer.swift */; };
		8209E26A22F648B400C8CA49 /* CompilerExplorerKit.framework in Frameworks */ = {isa = PBXBuildFile; fileRef = 8209E26322F648B400C8CA49 /* CompilerExplorerKit.framework */; };
		8209E26B22F648B400C8CA49 /* CompilerExplorerKit.framework in Embed Frameworks */ = {isa = PBXBuildFile; fileRef = 8209E26322F648B400C8CA49 /* CompilerExplorerKit.framework */; settings = {ATTRIBUTES = (CodeSignOnCopy, RemoveHeadersOnCopy, ); }; };
		8209E27222F648D700C8CA49 /* EditorViewWrapper.swift in Sources */ = {isa = PBXBuildFile; fileRef = 8209E27022F648D700C8CA49 /* EditorViewWrapper.swift */; };
		8209E27322F648D700C8CA49 /* ViewModel.swift in Sources */ = {isa = PBXBuildFile; fileRef = 8209E27122F648D700C8CA49 /* ViewModel.swift */; };
		8209E27822F648F400C8CA49 /* GodBolt.framework in Frameworks */ = {isa = PBXBuildFile; fileRef = 82AF54F022E8D8E300550E9D /* GodBolt.framework */; };
		8209E27922F648F400C8CA49 /* SavannaKit.framework in Frameworks */ = {isa = PBXBuildFile; fileRef = 82AF54B922E8D8C100550E9D /* SavannaKit.framework */; };
		8214469C22EBB31000026920 /* NativeComboBox.swift in Sources */ = {isa = PBXBuildFile; fileRef = 8214469922EBB30F00026920 /* NativeComboBox.swift */; };
		8214469D22EBB31000026920 /* GotoShortlinkPanelView.swift in Sources */ = {isa = PBXBuildFile; fileRef = 8214469A22EBB31000026920 /* GotoShortlinkPanelView.swift */; };
		8214469E22EBB31000026920 /* NativeButton.swift in Sources */ = {isa = PBXBuildFile; fileRef = 8214469B22EBB31000026920 /* NativeButton.swift */; };
		82219CC022EE465B0034FA46 /* CLexer.swift in Sources */ = {isa = PBXBuildFile; fileRef = 82219CBD22EE465B0034FA46 /* CLexer.swift */; };
		82219CC122EE465B0034FA46 /* AssemblyLexer.swift in Sources */ = {isa = PBXBuildFile; fileRef = 82219CBE22EE465B0034FA46 /* AssemblyLexer.swift */; };
		82219CC222EE465B0034FA46 /* SwiftLexer.swift in Sources */ = {isa = PBXBuildFile; fileRef = 82219CBF22EE465B0034FA46 /* SwiftLexer.swift */; };
		8292AC7922ECB1B800B1A165 /* Source.swift in Sources */ = {isa = PBXBuildFile; fileRef = 8292AC7122ECB1B700B1A165 /* Source.swift */; };
		8292AC7A22ECB1B800B1A165 /* Language.swift in Sources */ = {isa = PBXBuildFile; fileRef = 8292AC7222ECB1B800B1A165 /* Language.swift */; };
		8292AC7B22ECB1B800B1A165 /* Session.swift in Sources */ = {isa = PBXBuildFile; fileRef = 8292AC7322ECB1B800B1A165 /* Session.swift */; };
		8292AC7C22ECB1B800B1A165 /* Response.swift in Sources */ = {isa = PBXBuildFile; fileRef = 8292AC7422ECB1B800B1A165 /* Response.swift */; };
		8292AC7D22ECB1B800B1A165 /* Compiler.swift in Sources */ = {isa = PBXBuildFile; fileRef = 8292AC7522ECB1B800B1A165 /* Compiler.swift */; };
		8292AC7E22ECB1B800B1A165 /* Client.swift in Sources */ = {isa = PBXBuildFile; fileRef = 8292AC7622ECB1B800B1A165 /* Client.swift */; };
		8292AC7F22ECB1B800B1A165 /* GodBolt.h in Headers */ = {isa = PBXBuildFile; fileRef = 8292AC7722ECB1B800B1A165 /* GodBolt.h */; settings = {ATTRIBUTES = (Public, ); }; };
		8292AD6D22ECB63300B1A165 /* SavannaKit.h in Headers */ = {isa = PBXBuildFile; fileRef = 8292AD5A22ECB63300B1A165 /* SavannaKit.h */; settings = {ATTRIBUTES = (Public, ); }; };
		8292AD8122ECB67D00B1A165 /* String+Range.swift in Sources */ = {isa = PBXBuildFile; fileRef = 8292AD4722ECB63300B1A165 /* String+Range.swift */; };
		8292AD8222ECB67D00B1A165 /* NSTextView+UIKit.swift in Sources */ = {isa = PBXBuildFile; fileRef = 8292AD4822ECB63300B1A165 /* NSTextView+UIKit.swift */; };
		8292AD8322ECB67D00B1A165 /* Types.swift in Sources */ = {isa = PBXBuildFile; fileRef = 8292AD4922ECB63300B1A165 /* Types.swift */; };
		8292AD8422ECB67D00B1A165 /* NSMutableAttributedString+Tokens.swift in Sources */ = {isa = PBXBuildFile; fileRef = 8292AD4A22ECB63300B1A165 /* NSMutableAttributedString+Tokens.swift */; };
		8292AD8522ECB67D00B1A165 /* ASTVisualizer.swift in Sources */ = {isa = PBXBuildFile; fileRef = 8292AD4B22ECB63300B1A165 /* ASTVisualizer.swift */; };
		8292AD8622ECB67D00B1A165 /* Lexer.swift in Sources */ = {isa = PBXBuildFile; fileRef = 8292AD4D22ECB63300B1A165 /* Lexer.swift */; };
		8292AD8722ECB67D00B1A165 /* Paragraph.swift in Sources */ = {isa = PBXBuildFile; fileRef = 8292AD4E22ECB63300B1A165 /* Paragraph.swift */; };
		8292AD8822ECB67D00B1A165 /* SyntaxColorTheme.swift in Sources */ = {isa = PBXBuildFile; fileRef = 8292AD4F22ECB63300B1A165 /* SyntaxColorTheme.swift */; };
		8292AD8922ECB67D00B1A165 /* Token.swift in Sources */ = {isa = PBXBuildFile; fileRef = 8292AD5022ECB63300B1A165 /* Token.swift */; };
		8292AD8A22ECB67D00B1A165 /* RegexLexer.swift in Sources */ = {isa = PBXBuildFile; fileRef = 8292AD5122ECB63300B1A165 /* RegexLexer.swift */; };
		8292AD8B22ECB67D00B1A165 /* SyntaxTextView.swift in Sources */ = {isa = PBXBuildFile; fileRef = 8292AD5322ECB63300B1A165 /* SyntaxTextView.swift */; };
		8292AD8C22ECB67D00B1A165 /* SyntaxTextView+TextViewDelegate.swift in Sources */ = {isa = PBXBuildFile; fileRef = 8292AD5422ECB63300B1A165 /* SyntaxTextView+TextViewDelegate.swift */; };
		8292AD8D22ECB67D00B1A165 /* InnerTextView.swift in Sources */ = {isa = PBXBuildFile; fileRef = 8292AD5522ECB63300B1A165 /* InnerTextView.swift */; };
		8292AD8E22ECB67D00B1A165 /* TextViewWrapperView.swift in Sources */ = {isa = PBXBuildFile; fileRef = 8292AD5622ECB63300B1A165 /* TextViewWrapperView.swift */; };
		8292AD8F22ECB67D00B1A165 /* LineNumberLayoutManager.swift in Sources */ = {isa = PBXBuildFile; fileRef = 8292AD5722ECB63300B1A165 /* LineNumberLayoutManager.swift */; };
		8292AD9022ECB67D00B1A165 /* SyntaxTextViewLayoutManager.swift in Sources */ = {isa = PBXBuildFile; fileRef = 8292AD5822ECB63300B1A165 /* SyntaxTextViewLayoutManager.swift */; };
		8292AD9122ECB67D00B1A165 /* Paragraphs.swift in Sources */ = {isa = PBXBuildFile; fileRef = 8292AD5922ECB63300B1A165 /* Paragraphs.swift */; };
		82AF548422E8D89300550E9D /* AppDelegate.swift in Sources */ = {isa = PBXBuildFile; fileRef = 82AF548322E8D89300550E9D /* AppDelegate.swift */; };
		82AF548622E8D89300550E9D /* Document.swift in Sources */ = {isa = PBXBuildFile; fileRef = 82AF548522E8D89300550E9D /* Document.swift */; };
		82AF548822E8D89300550E9D /* ContentView.swift in Sources */ = {isa = PBXBuildFile; fileRef = 82AF548722E8D89300550E9D /* ContentView.swift */; };
		82AF548A22E8D89400550E9D /* Assets.xcassets in Resources */ = {isa = PBXBuildFile; fileRef = 82AF548922E8D89400550E9D /* Assets.xcassets */; };
		82AF548D22E8D89400550E9D /* Preview Assets.xcassets in Resources */ = {isa = PBXBuildFile; fileRef = 82AF548C22E8D89400550E9D /* Preview Assets.xcassets */; };
		82AF549022E8D89400550E9D /* Main.storyboard in Resources */ = {isa = PBXBuildFile; fileRef = 82AF548E22E8D89400550E9D /* Main.storyboard */; };
		82AF549C22E8D89500550E9D /* Compiler_ExplorerTests.swift in Sources */ = {isa = PBXBuildFile; fileRef = 82AF549B22E8D89500550E9D /* Compiler_ExplorerTests.swift */; };
		82AF54A722E8D89500550E9D /* Compiler_ExplorerUITests.swift in Sources */ = {isa = PBXBuildFile; fileRef = 82AF54A622E8D89500550E9D /* Compiler_ExplorerUITests.swift */; };
		82AF54C022E8D8C100550E9D /* SavannaKit.framework in Frameworks */ = {isa = PBXBuildFile; fileRef = 82AF54B922E8D8C100550E9D /* SavannaKit.framework */; };
		82AF54C122E8D8C100550E9D /* SavannaKit.framework in Embed Frameworks */ = {isa = PBXBuildFile; fileRef = 82AF54B922E8D8C100550E9D /* SavannaKit.framework */; settings = {ATTRIBUTES = (CodeSignOnCopy, RemoveHeadersOnCopy, ); }; };
		82AF54F722E8D8E300550E9D /* GodBolt.framework in Frameworks */ = {isa = PBXBuildFile; fileRef = 82AF54F022E8D8E300550E9D /* GodBolt.framework */; };
		82AF54F822E8D8E300550E9D /* GodBolt.framework in Embed Frameworks */ = {isa = PBXBuildFile; fileRef = 82AF54F022E8D8E300550E9D /* GodBolt.framework */; settings = {ATTRIBUTES = (CodeSignOnCopy, RemoveHeadersOnCopy, ); }; };
/* End PBXBuildFile section */

/* Begin PBXContainerItemProxy section */
		8209E26822F648B400C8CA49 /* PBXContainerItemProxy */ = {
			isa = PBXContainerItemProxy;
			containerPortal = 82AF547822E8D89300550E9D /* Project object */;
			proxyType = 1;
			remoteGlobalIDString = 8209E26222F648B400C8CA49;
			remoteInfo = CompilerExplorerKit;
		};
		8209E27422F648EF00C8CA49 /* PBXContainerItemProxy */ = {
			isa = PBXContainerItemProxy;
			containerPortal = 82AF547822E8D89300550E9D /* Project object */;
			proxyType = 1;
			remoteGlobalIDString = 82AF54EF22E8D8E300550E9D;
			remoteInfo = GodBolt;
		};
		8209E27622F648EF00C8CA49 /* PBXContainerItemProxy */ = {
			isa = PBXContainerItemProxy;
			containerPortal = 82AF547822E8D89300550E9D /* Project object */;
			proxyType = 1;
			remoteGlobalIDString = 82AF54B822E8D8C100550E9D;
			remoteInfo = SavannaKit;
		};
		82AF549822E8D89500550E9D /* PBXContainerItemProxy */ = {
			isa = PBXContainerItemProxy;
			containerPortal = 82AF547822E8D89300550E9D /* Project object */;
			proxyType = 1;
			remoteGlobalIDString = 82AF547F22E8D89300550E9D;
			remoteInfo = "Compiler Explorer";
		};
		82AF54A322E8D89500550E9D /* PBXContainerItemProxy */ = {
			isa = PBXContainerItemProxy;
			containerPortal = 82AF547822E8D89300550E9D /* Project object */;
			proxyType = 1;
			remoteGlobalIDString = 82AF547F22E8D89300550E9D;
			remoteInfo = "Compiler Explorer";
		};
		82AF54BE22E8D8C100550E9D /* PBXContainerItemProxy */ = {
			isa = PBXContainerItemProxy;
			containerPortal = 82AF547822E8D89300550E9D /* Project object */;
			proxyType = 1;
			remoteGlobalIDString = 82AF54B822E8D8C100550E9D;
			remoteInfo = SavannaKit;
		};
		82AF54F522E8D8E300550E9D /* PBXContainerItemProxy */ = {
			isa = PBXContainerItemProxy;
			containerPortal = 82AF547822E8D89300550E9D /* Project object */;
			proxyType = 1;
			remoteGlobalIDString = 82AF54EF22E8D8E300550E9D;
			remoteInfo = GodBolt;
		};
/* End PBXContainerItemProxy section */

/* Begin PBXCopyFilesBuildPhase section */
		82AF54C522E8D8C100550E9D /* Embed Frameworks */ = {
			isa = PBXCopyFilesBuildPhase;
			buildActionMask = 2147483647;
			dstPath = "";
			dstSubfolderSpec = 10;
			files = (
				82AF54F822E8D8E300550E9D /* GodBolt.framework in Embed Frameworks */,
				8209E26B22F648B400C8CA49 /* CompilerExplorerKit.framework in Embed Frameworks */,
				82AF54C122E8D8C100550E9D /* SavannaKit.framework in Embed Frameworks */,
			);
			name = "Embed Frameworks";
			runOnlyForDeploymentPostprocessing = 0;
		};
/* End PBXCopyFilesBuildPhase section */

/* Begin PBXFileReference section */
		4EFF20B622EB553100D76638 /* CompilerToggleView.swift */ = {isa = PBXFileReference; fileEncoding = 4; lastKnownFileType = sourcecode.swift; path = CompilerToggleView.swift; sourceTree = "<group>"; };
		4EFF20B722EB553200D76638 /* ReadOnlyEditorViewWrapper.swift */ = {isa = PBXFileReference; fileEncoding = 4; lastKnownFileType = sourcecode.swift; path = ReadOnlyEditorViewWrapper.swift; sourceTree = "<group>"; };
		4EFF20BB22EB553200D76638 /* DocumentController.swift */ = {isa = PBXFileReference; fileEncoding = 4; lastKnownFileType = sourcecode.swift; path = DocumentController.swift; sourceTree = "<group>"; };
		4EFF20BC22EB553200D76638 /* CompilerSelectorView.swift */ = {isa = PBXFileReference; fileEncoding = 4; lastKnownFileType = sourcecode.swift; path = CompilerSelectorView.swift; sourceTree = "<group>"; };
		4EFF20BD22EB553200D76638 /* Preferences.swift */ = {isa = PBXFileReference; fileEncoding = 4; lastKnownFileType = sourcecode.swift; path = Preferences.swift; sourceTree = "<group>"; };
		8209E23922F56AA600C8CA49 /* ShortlinkPanelView.swift */ = {isa = PBXFileReference; lastKnownFileType = sourcecode.swift; path = ShortlinkPanelView.swift; sourceTree = "<group>"; };
		8209E23B22F56B3200C8CA49 /* NativeCopyableTextField.swift */ = {isa = PBXFileReference; lastKnownFileType = sourcecode.swift; path = NativeCopyableTextField.swift; sourceTree = "<group>"; };
		8209E23D22F5754D00C8CA49 /* Shortlink.swift */ = {isa = PBXFileReference; lastKnownFileType = sourcecode.swift; path = Shortlink.swift; sourceTree = "<group>"; };
		8209E23F22F60AA400C8CA49 /* NativeShareButton.swift */ = {isa = PBXFileReference; lastKnownFileType = sourcecode.swift; path = NativeShareButton.swift; sourceTree = "<group>"; };
		8209E24722F6154100C8CA49 /* Tables.swift */ = {isa = PBXFileReference; fileEncoding = 4; lastKnownFileType = sourcecode.swift; path = Tables.swift; sourceTree = "<group>"; };
		8209E24E22F62C1200C8CA49 /* UniversalTheme.swift */ = {isa = PBXFileReference; fileEncoding = 4; lastKnownFileType = sourcecode.swift; path = UniversalTheme.swift; sourceTree = "<group>"; };
		8209E25022F6430D00C8CA49 /* LLVMLexer.swift */ = {isa = PBXFileReference; lastKnownFileType = sourcecode.swift; path = LLVMLexer.swift; sourceTree = "<group>"; };
		8209E25422F6468900C8CA49 /* TokenizingLexer.swift */ = {isa = PBXFileReference; fileEncoding = 4; lastKnownFileType = sourcecode.swift; path = TokenizingLexer.swift; sourceTree = "<group>"; };
		8209E25C22F647F400C8CA49 /* CppLexer.swift */ = {isa = PBXFileReference; fileEncoding = 4; lastKnownFileType = sourcecode.swift; path = CppLexer.swift; sourceTree = "<group>"; };
		8209E26322F648B400C8CA49 /* CompilerExplorerKit.framework */ = {isa = PBXFileReference; explicitFileType = wrapper.framework; includeInIndex = 0; path = CompilerExplorerKit.framework; sourceTree = BUILT_PRODUCTS_DIR; };
		8209E27022F648D700C8CA49 /* EditorViewWrapper.swift */ = {isa = PBXFileReference; fileEncoding = 4; lastKnownFileType = sourcecode.swift; path = EditorViewWrapper.swift; sourceTree = "<group>"; };
		8209E27122F648D700C8CA49 /* ViewModel.swift */ = {isa = PBXFileReference; fileEncoding = 4; lastKnownFileType = sourcecode.swift; path = ViewModel.swift; sourceTree = "<group>"; };
		8209E29F22F64B9D00C8CA49 /* Info.plist */ = {isa = PBXFileReference; fileEncoding = 4; lastKnownFileType = text.plist.xml; path = Info.plist; sourceTree = "<group>"; };
		8214469922EBB30F00026920 /* NativeComboBox.swift */ = {isa = PBXFileReference; lastKnownFileType = sourcecode.swift; path = NativeComboBox.swift; sourceTree = "<group>"; };
		8214469A22EBB31000026920 /* GotoShortlinkPanelView.swift */ = {isa = PBXFileReference; lastKnownFileType = sourcecode.swift; path = GotoShortlinkPanelView.swift; sourceTree = "<group>"; };
		8214469B22EBB31000026920 /* NativeButton.swift */ = {isa = PBXFileReference; lastKnownFileType = sourcecode.swift; path = NativeButton.swift; sourceTree = "<group>"; };
		82219CBD22EE465B0034FA46 /* CLexer.swift */ = {isa = PBXFileReference; fileEncoding = 4; lastKnownFileType = sourcecode.swift; path = CLexer.swift; sourceTree = "<group>"; };
		82219CBE22EE465B0034FA46 /* AssemblyLexer.swift */ = {isa = PBXFileReference; fileEncoding = 4; lastKnownFileType = sourcecode.swift; path = AssemblyLexer.swift; sourceTree = "<group>"; };
		82219CBF22EE465B0034FA46 /* SwiftLexer.swift */ = {isa = PBXFileReference; fileEncoding = 4; lastKnownFileType = sourcecode.swift; path = SwiftLexer.swift; sourceTree = "<group>"; };
		8292AC7122ECB1B700B1A165 /* Source.swift */ = {isa = PBXFileReference; fileEncoding = 4; lastKnownFileType = sourcecode.swift; path = Source.swift; sourceTree = "<group>"; };
		8292AC7222ECB1B800B1A165 /* Language.swift */ = {isa = PBXFileReference; fileEncoding = 4; lastKnownFileType = sourcecode.swift; path = Language.swift; sourceTree = "<group>"; };
		8292AC7322ECB1B800B1A165 /* Session.swift */ = {isa = PBXFileReference; fileEncoding = 4; lastKnownFileType = sourcecode.swift; path = Session.swift; sourceTree = "<group>"; };
		8292AC7422ECB1B800B1A165 /* Response.swift */ = {isa = PBXFileReference; fileEncoding = 4; lastKnownFileType = sourcecode.swift; path = Response.swift; sourceTree = "<group>"; };
		8292AC7522ECB1B800B1A165 /* Compiler.swift */ = {isa = PBXFileReference; fileEncoding = 4; lastKnownFileType = sourcecode.swift; path = Compiler.swift; sourceTree = "<group>"; };
		8292AC7622ECB1B800B1A165 /* Client.swift */ = {isa = PBXFileReference; fileEncoding = 4; lastKnownFileType = sourcecode.swift; path = Client.swift; sourceTree = "<group>"; };
		8292AC7722ECB1B800B1A165 /* GodBolt.h */ = {isa = PBXFileReference; fileEncoding = 4; lastKnownFileType = sourcecode.c.h; path = GodBolt.h; sourceTree = "<group>"; };
		8292AC7822ECB1B800B1A165 /* Info.plist */ = {isa = PBXFileReference; fileEncoding = 4; lastKnownFileType = text.plist.xml; path = Info.plist; sourceTree = "<group>"; };
		8292AD4722ECB63300B1A165 /* String+Range.swift */ = {isa = PBXFileReference; fileEncoding = 4; lastKnownFileType = sourcecode.swift; path = "String+Range.swift"; sourceTree = "<group>"; };
		8292AD4822ECB63300B1A165 /* NSTextView+UIKit.swift */ = {isa = PBXFileReference; fileEncoding = 4; lastKnownFileType = sourcecode.swift; path = "NSTextView+UIKit.swift"; sourceTree = "<group>"; };
		8292AD4922ECB63300B1A165 /* Types.swift */ = {isa = PBXFileReference; fileEncoding = 4; lastKnownFileType = sourcecode.swift; path = Types.swift; sourceTree = "<group>"; };
		8292AD4A22ECB63300B1A165 /* NSMutableAttributedString+Tokens.swift */ = {isa = PBXFileReference; fileEncoding = 4; lastKnownFileType = sourcecode.swift; path = "NSMutableAttributedString+Tokens.swift"; sourceTree = "<group>"; };
		8292AD4B22ECB63300B1A165 /* ASTVisualizer.swift */ = {isa = PBXFileReference; fileEncoding = 4; lastKnownFileType = sourcecode.swift; path = ASTVisualizer.swift; sourceTree = "<group>"; };
		8292AD4D22ECB63300B1A165 /* Lexer.swift */ = {isa = PBXFileReference; fileEncoding = 4; lastKnownFileType = sourcecode.swift; path = Lexer.swift; sourceTree = "<group>"; };
		8292AD4E22ECB63300B1A165 /* Paragraph.swift */ = {isa = PBXFileReference; fileEncoding = 4; lastKnownFileType = sourcecode.swift; path = Paragraph.swift; sourceTree = "<group>"; };
		8292AD4F22ECB63300B1A165 /* SyntaxColorTheme.swift */ = {isa = PBXFileReference; fileEncoding = 4; lastKnownFileType = sourcecode.swift; path = SyntaxColorTheme.swift; sourceTree = "<group>"; };
		8292AD5022ECB63300B1A165 /* Token.swift */ = {isa = PBXFileReference; fileEncoding = 4; lastKnownFileType = sourcecode.swift; path = Token.swift; sourceTree = "<group>"; };
		8292AD5122ECB63300B1A165 /* RegexLexer.swift */ = {isa = PBXFileReference; fileEncoding = 4; lastKnownFileType = sourcecode.swift; path = RegexLexer.swift; sourceTree = "<group>"; };
		8292AD5322ECB63300B1A165 /* SyntaxTextView.swift */ = {isa = PBXFileReference; fileEncoding = 4; lastKnownFileType = sourcecode.swift; path = SyntaxTextView.swift; sourceTree = "<group>"; };
		8292AD5422ECB63300B1A165 /* SyntaxTextView+TextViewDelegate.swift */ = {isa = PBXFileReference; fileEncoding = 4; lastKnownFileType = sourcecode.swift; path = "SyntaxTextView+TextViewDelegate.swift"; sourceTree = "<group>"; };
		8292AD5522ECB63300B1A165 /* InnerTextView.swift */ = {isa = PBXFileReference; fileEncoding = 4; lastKnownFileType = sourcecode.swift; path = InnerTextView.swift; sourceTree = "<group>"; };
		8292AD5622ECB63300B1A165 /* TextViewWrapperView.swift */ = {isa = PBXFileReference; fileEncoding = 4; lastKnownFileType = sourcecode.swift; path = TextViewWrapperView.swift; sourceTree = "<group>"; };
		8292AD5722ECB63300B1A165 /* LineNumberLayoutManager.swift */ = {isa = PBXFileReference; fileEncoding = 4; lastKnownFileType = sourcecode.swift; path = LineNumberLayoutManager.swift; sourceTree = "<group>"; };
		8292AD5822ECB63300B1A165 /* SyntaxTextViewLayoutManager.swift */ = {isa = PBXFileReference; fileEncoding = 4; lastKnownFileType = sourcecode.swift; path = SyntaxTextViewLayoutManager.swift; sourceTree = "<group>"; };
		8292AD5922ECB63300B1A165 /* Paragraphs.swift */ = {isa = PBXFileReference; fileEncoding = 4; lastKnownFileType = sourcecode.swift; path = Paragraphs.swift; sourceTree = "<group>"; };
		8292AD5A22ECB63300B1A165 /* SavannaKit.h */ = {isa = PBXFileReference; fileEncoding = 4; lastKnownFileType = sourcecode.c.h; path = SavannaKit.h; sourceTree = "<group>"; };
		8292AD5B22ECB63300B1A165 /* Info.plist */ = {isa = PBXFileReference; fileEncoding = 4; lastKnownFileType = text.plist.xml; path = Info.plist; sourceTree = "<group>"; };
		82AF548022E8D89300550E9D /* Compiler Explorer.app */ = {isa = PBXFileReference; explicitFileType = wrapper.application; includeInIndex = 0; path = "Compiler Explorer.app"; sourceTree = BUILT_PRODUCTS_DIR; };
		82AF548322E8D89300550E9D /* AppDelegate.swift */ = {isa = PBXFileReference; lastKnownFileType = sourcecode.swift; path = AppDelegate.swift; sourceTree = "<group>"; };
		82AF548522E8D89300550E9D /* Document.swift */ = {isa = PBXFileReference; lastKnownFileType = sourcecode.swift; path = Document.swift; sourceTree = "<group>"; };
		82AF548722E8D89300550E9D /* ContentView.swift */ = {isa = PBXFileReference; lastKnownFileType = sourcecode.swift; path = ContentView.swift; sourceTree = "<group>"; };
		82AF548922E8D89400550E9D /* Assets.xcassets */ = {isa = PBXFileReference; lastKnownFileType = folder.assetcatalog; path = Assets.xcassets; sourceTree = "<group>"; };
		82AF548C22E8D89400550E9D /* Preview Assets.xcassets */ = {isa = PBXFileReference; lastKnownFileType = folder.assetcatalog; path = "Preview Assets.xcassets"; sourceTree = "<group>"; };
		82AF548F22E8D89400550E9D /* Base */ = {isa = PBXFileReference; lastKnownFileType = file.storyboard; name = Base; path = Base.lproj/Main.storyboard; sourceTree = "<group>"; };
		82AF549122E8D89400550E9D /* Info.plist */ = {isa = PBXFileReference; lastKnownFileType = text.plist.xml; path = Info.plist; sourceTree = "<group>"; };
		82AF549222E8D89400550E9D /* Compiler_Explorer.entitlements */ = {isa = PBXFileReference; lastKnownFileType = text.plist.entitlements; path = Compiler_Explorer.entitlements; sourceTree = "<group>"; };
		82AF549722E8D89500550E9D /* Compiler ExplorerTests.xctest */ = {isa = PBXFileReference; explicitFileType = wrapper.cfbundle; includeInIndex = 0; path = "Compiler ExplorerTests.xctest"; sourceTree = BUILT_PRODUCTS_DIR; };
		82AF549B22E8D89500550E9D /* Compiler_ExplorerTests.swift */ = {isa = PBXFileReference; lastKnownFileType = sourcecode.swift; path = Compiler_ExplorerTests.swift; sourceTree = "<group>"; };
		82AF549D22E8D89500550E9D /* Info.plist */ = {isa = PBXFileReference; lastKnownFileType = text.plist.xml; path = Info.plist; sourceTree = "<group>"; };
		82AF54A222E8D89500550E9D /* Compiler ExplorerUITests.xctest */ = {isa = PBXFileReference; explicitFileType = wrapper.cfbundle; includeInIndex = 0; path = "Compiler ExplorerUITests.xctest"; sourceTree = BUILT_PRODUCTS_DIR; };
		82AF54A622E8D89500550E9D /* Compiler_ExplorerUITests.swift */ = {isa = PBXFileReference; lastKnownFileType = sourcecode.swift; path = Compiler_ExplorerUITests.swift; sourceTree = "<group>"; };
		82AF54A822E8D89500550E9D /* Info.plist */ = {isa = PBXFileReference; lastKnownFileType = text.plist.xml; path = Info.plist; sourceTree = "<group>"; };
		82AF54B922E8D8C100550E9D /* SavannaKit.framework */ = {isa = PBXFileReference; explicitFileType = wrapper.framework; includeInIndex = 0; path = SavannaKit.framework; sourceTree = BUILT_PRODUCTS_DIR; };
		82AF54F022E8D8E300550E9D /* GodBolt.framework */ = {isa = PBXFileReference; explicitFileType = wrapper.framework; includeInIndex = 0; path = GodBolt.framework; sourceTree = BUILT_PRODUCTS_DIR; };
/* End PBXFileReference section */

/* Begin PBXFrameworksBuildPhase section */
		8209E26022F648B400C8CA49 /* Frameworks */ = {
			isa = PBXFrameworksBuildPhase;
			buildActionMask = 2147483647;
			files = (
				8209E27822F648F400C8CA49 /* GodBolt.framework in Frameworks */,
				8209E27922F648F400C8CA49 /* SavannaKit.framework in Frameworks */,
			);
			runOnlyForDeploymentPostprocessing = 0;
		};
		82AF547D22E8D89300550E9D /* Frameworks */ = {
			isa = PBXFrameworksBuildPhase;
			buildActionMask = 2147483647;
			files = (
				82AF54F722E8D8E300550E9D /* GodBolt.framework in Frameworks */,
				8209E26A22F648B400C8CA49 /* CompilerExplorerKit.framework in Frameworks */,
				82AF54C022E8D8C100550E9D /* SavannaKit.framework in Frameworks */,
			);
			runOnlyForDeploymentPostprocessing = 0;
		};
		82AF549422E8D89500550E9D /* Frameworks */ = {
			isa = PBXFrameworksBuildPhase;
			buildActionMask = 2147483647;
			files = (
			);
			runOnlyForDeploymentPostprocessing = 0;
		};
		82AF549F22E8D89500550E9D /* Frameworks */ = {
			isa = PBXFrameworksBuildPhase;
			buildActionMask = 2147483647;
			files = (
			);
			runOnlyForDeploymentPostprocessing = 0;
		};
		82AF54B622E8D8C100550E9D /* Frameworks */ = {
			isa = PBXFrameworksBuildPhase;
			buildActionMask = 2147483647;
			files = (
			);
			runOnlyForDeploymentPostprocessing = 0;
		};
		82AF54ED22E8D8E300550E9D /* Frameworks */ = {
			isa = PBXFrameworksBuildPhase;
			buildActionMask = 2147483647;
			files = (
			);
			runOnlyForDeploymentPostprocessing = 0;
		};
/* End PBXFrameworksBuildPhase section */

/* Begin PBXGroup section */
		82032BC522E938E6008A3233 /* Frameworks */ = {
			isa = PBXGroup;
			children = (
			);
			name = Frameworks;
			sourceTree = "<group>";
		};
		8209E26F22F648D700C8CA49 /* CompilerExplorerKit */ = {
			isa = PBXGroup;
			children = (
				8209E27022F648D700C8CA49 /* EditorViewWrapper.swift */,
				8209E27122F648D700C8CA49 /* ViewModel.swift */,
				8209E29F22F64B9D00C8CA49 /* Info.plist */,
			);
			name = CompilerExplorerKit;
			path = ../CompilerExplorerKit;
			sourceTree = "<group>";
		};
		82219CBC22EE465B0034FA46 /* Lexers */ = {
			isa = PBXGroup;
			children = (
				82219CBD22EE465B0034FA46 /* CLexer.swift */,
				82219CBE22EE465B0034FA46 /* AssemblyLexer.swift */,
				82219CBF22EE465B0034FA46 /* SwiftLexer.swift */,
				8209E25C22F647F400C8CA49 /* CppLexer.swift */,
				8209E25022F6430D00C8CA49 /* LLVMLexer.swift */,
				8209E25422F6468900C8CA49 /* TokenizingLexer.swift */,
				8209E24E22F62C1200C8CA49 /* UniversalTheme.swift */,
			);
			path = Lexers;
			sourceTree = "<group>";
		};
		8292AC7022ECB1B700B1A165 /* GodBolt */ = {
			isa = PBXGroup;
			children = (
				8292AC7122ECB1B700B1A165 /* Source.swift */,
				8292AC7222ECB1B800B1A165 /* Language.swift */,
				8292AC7322ECB1B800B1A165 /* Session.swift */,
				8292AC7422ECB1B800B1A165 /* Response.swift */,
				8292AC7522ECB1B800B1A165 /* Compiler.swift */,
				8292AC7622ECB1B800B1A165 /* Client.swift */,
				8209E23D22F5754D00C8CA49 /* Shortlink.swift */,
				8209E24722F6154100C8CA49 /* Tables.swift */,
				8292AC7722ECB1B800B1A165 /* GodBolt.h */,
				8292AC7822ECB1B800B1A165 /* Info.plist */,
			);
			name = GodBolt;
			path = ../GodBolt;
			sourceTree = "<group>";
		};
		8292AD4522ECB63300B1A165 /* SavannaKit */ = {
			isa = PBXGroup;
			children = (
				82219CBC22EE465B0034FA46 /* Lexers */,
				8292AD4622ECB63300B1A165 /* Util */,
				8292AD4B22ECB63300B1A165 /* ASTVisualizer.swift */,
				8292AD4C22ECB63300B1A165 /* Model */,
				8292AD5222ECB63300B1A165 /* View */,
				8292AD5A22ECB63300B1A165 /* SavannaKit.h */,
				8292AD5B22ECB63300B1A165 /* Info.plist */,
			);
			name = SavannaKit;
			path = "../../../../../../../../Users/cfi/Desktop/Compiler Explorer/SavannaKit";
			sourceTree = "<group>";
		};
		8292AD4622ECB63300B1A165 /* Util */ = {
			isa = PBXGroup;
			children = (
				8292AD4722ECB63300B1A165 /* String+Range.swift */,
				8292AD4822ECB63300B1A165 /* NSTextView+UIKit.swift */,
				8292AD4922ECB63300B1A165 /* Types.swift */,
				8292AD4A22ECB63300B1A165 /* NSMutableAttributedString+Tokens.swift */,
			);
			path = Util;
			sourceTree = "<group>";
		};
		8292AD4C22ECB63300B1A165 /* Model */ = {
			isa = PBXGroup;
			children = (
				8292AD4D22ECB63300B1A165 /* Lexer.swift */,
				8292AD4E22ECB63300B1A165 /* Paragraph.swift */,
				8292AD4F22ECB63300B1A165 /* SyntaxColorTheme.swift */,
				8292AD5022ECB63300B1A165 /* Token.swift */,
				8292AD5122ECB63300B1A165 /* RegexLexer.swift */,
			);
			path = Model;
			sourceTree = "<group>";
		};
		8292AD5222ECB63300B1A165 /* View */ = {
			isa = PBXGroup;
			children = (
				8292AD5322ECB63300B1A165 /* SyntaxTextView.swift */,
				8292AD5422ECB63300B1A165 /* SyntaxTextView+TextViewDelegate.swift */,
				8292AD5522ECB63300B1A165 /* InnerTextView.swift */,
				8292AD5622ECB63300B1A165 /* TextViewWrapperView.swift */,
				8292AD5722ECB63300B1A165 /* LineNumberLayoutManager.swift */,
				8292AD5822ECB63300B1A165 /* SyntaxTextViewLayoutManager.swift */,
				8292AD5922ECB63300B1A165 /* Paragraphs.swift */,
			);
			path = View;
			sourceTree = "<group>";
		};
		82AF547722E8D89300550E9D = {
			isa = PBXGroup;
			children = (
				82AF548222E8D89300550E9D /* Compiler Explorer */,
				82AF549A22E8D89500550E9D /* Compiler ExplorerTests */,
				82AF54A522E8D89500550E9D /* Compiler ExplorerUITests */,
				8292AC7022ECB1B700B1A165 /* GodBolt */,
				8292AD4522ECB63300B1A165 /* SavannaKit */,
				8209E26F22F648D700C8CA49 /* CompilerExplorerKit */,
				82AF548122E8D89300550E9D /* Products */,
				82032BC522E938E6008A3233 /* Frameworks */,
			);
			sourceTree = "<group>";
		};
		82AF548122E8D89300550E9D /* Products */ = {
			isa = PBXGroup;
			children = (
				82AF548022E8D89300550E9D /* Compiler Explorer.app */,
				82AF549722E8D89500550E9D /* Compiler ExplorerTests.xctest */,
				82AF54A222E8D89500550E9D /* Compiler ExplorerUITests.xctest */,
				82AF54B922E8D8C100550E9D /* SavannaKit.framework */,
				82AF54F022E8D8E300550E9D /* GodBolt.framework */,
				8209E26322F648B400C8CA49 /* CompilerExplorerKit.framework */,
			);
			name = Products;
			sourceTree = "<group>";
		};
		82AF548222E8D89300550E9D /* Compiler Explorer */ = {
			isa = PBXGroup;
			children = (
				82AF549222E8D89400550E9D /* Compiler_Explorer.entitlements */,
				82AF549122E8D89400550E9D /* Info.plist */,
				82AF548322E8D89300550E9D /* AppDelegate.swift */,
				4EFF20BC22EB553200D76638 /* CompilerSelectorView.swift */,
				4EFF20B622EB553100D76638 /* CompilerToggleView.swift */,
				82AF548722E8D89300550E9D /* ContentView.swift */,
				82AF548522E8D89300550E9D /* Document.swift */,
				4EFF20BB22EB553200D76638 /* DocumentController.swift */,
				8214469B22EBB31000026920 /* NativeButton.swift */,
				8214469922EBB30F00026920 /* NativeComboBox.swift */,
				8209E23B22F56B3200C8CA49 /* NativeCopyableTextField.swift */,
				4EFF20BD22EB553200D76638 /* Preferences.swift */,
				4EFF20B722EB553200D76638 /* ReadOnlyEditorViewWrapper.swift */,
				8214469A22EBB31000026920 /* GotoShortlinkPanelView.swift */,
				8209E23922F56AA600C8CA49 /* ShortlinkPanelView.swift */,
				8209E23F22F60AA400C8CA49 /* NativeShareButton.swift */,
				82AF548922E8D89400550E9D /* Assets.xcassets */,
				82AF548E22E8D89400550E9D /* Main.storyboard */,
				82AF548B22E8D89400550E9D /* Preview Content */,
			);
			path = "Compiler Explorer";
			sourceTree = "<group>";
		};
		82AF548B22E8D89400550E9D /* Preview Content */ = {
			isa = PBXGroup;
			children = (
				82AF548C22E8D89400550E9D /* Preview Assets.xcassets */,
			);
			path = "Preview Content";
			sourceTree = "<group>";
		};
		82AF549A22E8D89500550E9D /* Compiler ExplorerTests */ = {
			isa = PBXGroup;
			children = (
				82AF549B22E8D89500550E9D /* Compiler_ExplorerTests.swift */,
				82AF549D22E8D89500550E9D /* Info.plist */,
			);
			path = "Compiler ExplorerTests";
			sourceTree = "<group>";
		};
		82AF54A522E8D89500550E9D /* Compiler ExplorerUITests */ = {
			isa = PBXGroup;
			children = (
				82AF54A622E8D89500550E9D /* Compiler_ExplorerUITests.swift */,
				82AF54A822E8D89500550E9D /* Info.plist */,
			);
			path = "Compiler ExplorerUITests";
			sourceTree = "<group>";
		};
/* End PBXGroup section */

/* Begin PBXHeadersBuildPhase section */
		8209E25E22F648B400C8CA49 /* Headers */ = {
			isa = PBXHeadersBuildPhase;
			buildActionMask = 2147483647;
			files = (
			);
			runOnlyForDeploymentPostprocessing = 0;
		};
		82AF54B422E8D8C100550E9D /* Headers */ = {
			isa = PBXHeadersBuildPhase;
			buildActionMask = 2147483647;
			files = (
				8292AD6D22ECB63300B1A165 /* SavannaKit.h in Headers */,
			);
			runOnlyForDeploymentPostprocessing = 0;
		};
		82AF54EB22E8D8E300550E9D /* Headers */ = {
			isa = PBXHeadersBuildPhase;
			buildActionMask = 2147483647;
			files = (
				8292AC7F22ECB1B800B1A165 /* GodBolt.h in Headers */,
			);
			runOnlyForDeploymentPostprocessing = 0;
		};
/* End PBXHeadersBuildPhase section */

/* Begin PBXNativeTarget section */
		8209E26222F648B400C8CA49 /* CompilerExplorerKit */ = {
			isa = PBXNativeTarget;
			buildConfigurationList = 8209E26C22F648B400C8CA49 /* Build configuration list for PBXNativeTarget "CompilerExplorerKit" */;
			buildPhases = (
				8209E25E22F648B400C8CA49 /* Headers */,
				8209E25F22F648B400C8CA49 /* Sources */,
				8209E26022F648B400C8CA49 /* Frameworks */,
				8209E26122F648B400C8CA49 /* Resources */,
			);
			buildRules = (
			);
			dependencies = (
				8209E27522F648EF00C8CA49 /* PBXTargetDependency */,
				8209E27722F648EF00C8CA49 /* PBXTargetDependency */,
			);
			name = CompilerExplorerKit;
			productName = CompilerExplorerKit;
			productReference = 8209E26322F648B400C8CA49 /* CompilerExplorerKit.framework */;
			productType = "com.apple.product-type.framework";
		};
		82AF547F22E8D89300550E9D /* Compiler Explorer */ = {
			isa = PBXNativeTarget;
			buildConfigurationList = 82AF54AB22E8D89500550E9D /* Build configuration list for PBXNativeTarget "Compiler Explorer" */;
			buildPhases = (
				82AF547C22E8D89300550E9D /* Sources */,
				82AF547D22E8D89300550E9D /* Frameworks */,
				82AF547E22E8D89300550E9D /* Resources */,
				82AF54C522E8D8C100550E9D /* Embed Frameworks */,
			);
			buildRules = (
			);
			dependencies = (
				82AF54BF22E8D8C100550E9D /* PBXTargetDependency */,
				82AF54F622E8D8E300550E9D /* PBXTargetDependency */,
				8209E26922F648B400C8CA49 /* PBXTargetDependency */,
			);
			name = "Compiler Explorer";
			productName = "Compiler Explorer";
			productReference = 82AF548022E8D89300550E9D /* Compiler Explorer.app */;
			productType = "com.apple.product-type.application";
		};
		82AF549622E8D89500550E9D /* Compiler ExplorerTests */ = {
			isa = PBXNativeTarget;
			buildConfigurationList = 82AF54AE22E8D89500550E9D /* Build configuration list for PBXNativeTarget "Compiler ExplorerTests" */;
			buildPhases = (
				82AF549322E8D89500550E9D /* Sources */,
				82AF549422E8D89500550E9D /* Frameworks */,
				82AF549522E8D89500550E9D /* Resources */,
			);
			buildRules = (
			);
			dependencies = (
				82AF549922E8D89500550E9D /* PBXTargetDependency */,
			);
			name = "Compiler ExplorerTests";
			productName = "Compiler ExplorerTests";
			productReference = 82AF549722E8D89500550E9D /* Compiler ExplorerTests.xctest */;
			productType = "com.apple.product-type.bundle.unit-test";
		};
		82AF54A122E8D89500550E9D /* Compiler ExplorerUITests */ = {
			isa = PBXNativeTarget;
			buildConfigurationList = 82AF54B122E8D89500550E9D /* Build configuration list for PBXNativeTarget "Compiler ExplorerUITests" */;
			buildPhases = (
				82AF549E22E8D89500550E9D /* Sources */,
				82AF549F22E8D89500550E9D /* Frameworks */,
				82AF54A022E8D89500550E9D /* Resources */,
			);
			buildRules = (
			);
			dependencies = (
				82AF54A422E8D89500550E9D /* PBXTargetDependency */,
			);
			name = "Compiler ExplorerUITests";
			productName = "Compiler ExplorerUITests";
			productReference = 82AF54A222E8D89500550E9D /* Compiler ExplorerUITests.xctest */;
			productType = "com.apple.product-type.bundle.ui-testing";
		};
		82AF54B822E8D8C100550E9D /* SavannaKit */ = {
			isa = PBXNativeTarget;
			buildConfigurationList = 82AF54C222E8D8C100550E9D /* Build configuration list for PBXNativeTarget "SavannaKit" */;
			buildPhases = (
				82AF54B422E8D8C100550E9D /* Headers */,
				82AF54B522E8D8C100550E9D /* Sources */,
				82AF54B622E8D8C100550E9D /* Frameworks */,
				82AF54B722E8D8C100550E9D /* Resources */,
			);
			buildRules = (
			);
			dependencies = (
			);
			name = SavannaKit;
			productName = SavannaKit;
			productReference = 82AF54B922E8D8C100550E9D /* SavannaKit.framework */;
			productType = "com.apple.product-type.framework";
		};
		82AF54EF22E8D8E300550E9D /* GodBolt */ = {
			isa = PBXNativeTarget;
			buildConfigurationList = 82AF54F922E8D8E300550E9D /* Build configuration list for PBXNativeTarget "GodBolt" */;
			buildPhases = (
				82AF54EB22E8D8E300550E9D /* Headers */,
				82AF54EC22E8D8E300550E9D /* Sources */,
				82AF54ED22E8D8E300550E9D /* Frameworks */,
				82AF54EE22E8D8E300550E9D /* Resources */,
			);
			buildRules = (
			);
			dependencies = (
			);
			name = GodBolt;
			productName = GodBolt;
			productReference = 82AF54F022E8D8E300550E9D /* GodBolt.framework */;
			productType = "com.apple.product-type.framework";
		};
/* End PBXNativeTarget section */

/* Begin PBXProject section */
		82AF547822E8D89300550E9D /* Project object */ = {
			isa = PBXProject;
			attributes = {
				LastSwiftUpdateCheck = 1100;
				LastUpgradeCheck = 1100;
				ORGANIZATIONNAME = CodaFi;
				TargetAttributes = {
					8209E26222F648B400C8CA49 = {
						CreatedOnToolsVersion = 11.0;
					};
					82AF547F22E8D89300550E9D = {
						CreatedOnToolsVersion = 11.0;
					};
					82AF549622E8D89500550E9D = {
						CreatedOnToolsVersion = 11.0;
						TestTargetID = 82AF547F22E8D89300550E9D;
					};
					82AF54A122E8D89500550E9D = {
						CreatedOnToolsVersion = 11.0;
						TestTargetID = 82AF547F22E8D89300550E9D;
					};
					82AF54B822E8D8C100550E9D = {
						CreatedOnToolsVersion = 11.0;
						LastSwiftMigration = 1100;
					};
					82AF54EF22E8D8E300550E9D = {
						CreatedOnToolsVersion = 11.0;
						LastSwiftMigration = 1100;
					};
				};
			};
			buildConfigurationList = 82AF547B22E8D89300550E9D /* Build configuration list for PBXProject "Compiler Explorer" */;
			compatibilityVersion = "Xcode 9.3";
			developmentRegion = en;
			hasScannedForEncodings = 0;
			knownRegions = (
				en,
				Base,
			);
			mainGroup = 82AF547722E8D89300550E9D;
			productRefGroup = 82AF548122E8D89300550E9D /* Products */;
			projectDirPath = "";
			projectRoot = "";
			targets = (
				82AF547F22E8D89300550E9D /* Compiler Explorer */,
				82AF549622E8D89500550E9D /* Compiler ExplorerTests */,
				82AF54A122E8D89500550E9D /* Compiler ExplorerUITests */,
				82AF54B822E8D8C100550E9D /* SavannaKit */,
				82AF54EF22E8D8E300550E9D /* GodBolt */,
				8209E26222F648B400C8CA49 /* CompilerExplorerKit */,
			);
		};
/* End PBXProject section */

/* Begin PBXResourcesBuildPhase section */
		8209E26122F648B400C8CA49 /* Resources */ = {
			isa = PBXResourcesBuildPhase;
			buildActionMask = 2147483647;
			files = (
			);
			runOnlyForDeploymentPostprocessing = 0;
		};
		82AF547E22E8D89300550E9D /* Resources */ = {
			isa = PBXResourcesBuildPhase;
			buildActionMask = 2147483647;
			files = (
				82AF549022E8D89400550E9D /* Main.storyboard in Resources */,
				82AF548D22E8D89400550E9D /* Preview Assets.xcassets in Resources */,
				82AF548A22E8D89400550E9D /* Assets.xcassets in Resources */,
			);
			runOnlyForDeploymentPostprocessing = 0;
		};
		82AF549522E8D89500550E9D /* Resources */ = {
			isa = PBXResourcesBuildPhase;
			buildActionMask = 2147483647;
			files = (
			);
			runOnlyForDeploymentPostprocessing = 0;
		};
		82AF54A022E8D89500550E9D /* Resources */ = {
			isa = PBXResourcesBuildPhase;
			buildActionMask = 2147483647;
			files = (
			);
			runOnlyForDeploymentPostprocessing = 0;
		};
		82AF54B722E8D8C100550E9D /* Resources */ = {
			isa = PBXResourcesBuildPhase;
			buildActionMask = 2147483647;
			files = (
			);
			runOnlyForDeploymentPostprocessing = 0;
		};
		82AF54EE22E8D8E300550E9D /* Resources */ = {
			isa = PBXResourcesBuildPhase;
			buildActionMask = 2147483647;
			files = (
			);
			runOnlyForDeploymentPostprocessing = 0;
		};
/* End PBXResourcesBuildPhase section */

/* Begin PBXSourcesBuildPhase section */
		8209E25F22F648B400C8CA49 /* Sources */ = {
			isa = PBXSourcesBuildPhase;
			buildActionMask = 2147483647;
			files = (
				8209E27322F648D700C8CA49 /* ViewModel.swift in Sources */,
				8209E27222F648D700C8CA49 /* EditorViewWrapper.swift in Sources */,
			);
			runOnlyForDeploymentPostprocessing = 0;
		};
		82AF547C22E8D89300550E9D /* Sources */ = {
			isa = PBXSourcesBuildPhase;
			buildActionMask = 2147483647;
			files = (
				8209E23C22F56B3200C8CA49 /* NativeCopyableTextField.swift in Sources */,
				8209E23A22F56AA600C8CA49 /* ShortlinkPanelView.swift in Sources */,
				4EFF20C022EB553300D76638 /* CompilerToggleView.swift in Sources */,
				4EFF20C622EB553300D76638 /* CompilerSelectorView.swift in Sources */,
				82AF548622E8D89300550E9D /* Document.swift in Sources */,
				82AF548422E8D89300550E9D /* AppDelegate.swift in Sources */,
				4EFF20C722EB553300D76638 /* Preferences.swift in Sources */,
				4EFF20C122EB553300D76638 /* ReadOnlyEditorViewWrapper.swift in Sources */,
				8209E24022F60AA400C8CA49 /* NativeShareButton.swift in Sources */,
				4EFF20C522EB553300D76638 /* DocumentController.swift in Sources */,
				82AF548822E8D89300550E9D /* ContentView.swift in Sources */,
				8214469C22EBB31000026920 /* NativeComboBox.swift in Sources */,
				8214469D22EBB31000026920 /* GotoShortlinkPanelView.swift in Sources */,
				8214469E22EBB31000026920 /* NativeButton.swift in Sources */,
			);
			runOnlyForDeploymentPostprocessing = 0;
		};
		82AF549322E8D89500550E9D /* Sources */ = {
			isa = PBXSourcesBuildPhase;
			buildActionMask = 2147483647;
			files = (
				82AF549C22E8D89500550E9D /* Compiler_ExplorerTests.swift in Sources */,
			);
			runOnlyForDeploymentPostprocessing = 0;
		};
		82AF549E22E8D89500550E9D /* Sources */ = {
			isa = PBXSourcesBuildPhase;
			buildActionMask = 2147483647;
			files = (
				82AF54A722E8D89500550E9D /* Compiler_ExplorerUITests.swift in Sources */,
			);
			runOnlyForDeploymentPostprocessing = 0;
		};
		82AF54B522E8D8C100550E9D /* Sources */ = {
			isa = PBXSourcesBuildPhase;
			buildActionMask = 2147483647;
			files = (
				8292AD8122ECB67D00B1A165 /* String+Range.swift in Sources */,
				8292AD8222ECB67D00B1A165 /* NSTextView+UIKit.swift in Sources */,
				8292AD8322ECB67D00B1A165 /* Types.swift in Sources */,
				8292AD8422ECB67D00B1A165 /* NSMutableAttributedString+Tokens.swift in Sources */,
				8292AD8522ECB67D00B1A165 /* ASTVisualizer.swift in Sources */,
				8292AD8622ECB67D00B1A165 /* Lexer.swift in Sources */,
				8292AD8722ECB67D00B1A165 /* Paragraph.swift in Sources */,
				8292AD8822ECB67D00B1A165 /* SyntaxColorTheme.swift in Sources */,
				8292AD8922ECB67D00B1A165 /* Token.swift in Sources */,
				8292AD8A22ECB67D00B1A165 /* RegexLexer.swift in Sources */,
				82219CC022EE465B0034FA46 /* CLexer.swift in Sources */,
				8292AD8B22ECB67D00B1A165 /* SyntaxTextView.swift in Sources */,
				8209E25522F6468900C8CA49 /* TokenizingLexer.swift in Sources */,
				82219CC222EE465B0034FA46 /* SwiftLexer.swift in Sources */,
				8209E25122F6430D00C8CA49 /* LLVMLexer.swift in Sources */,
				8292AD8C22ECB67D00B1A165 /* SyntaxTextView+TextViewDelegate.swift in Sources */,
				8292AD8D22ECB67D00B1A165 /* InnerTextView.swift in Sources */,
				8209E24F22F62C1200C8CA49 /* UniversalTheme.swift in Sources */,
				8292AD8E22ECB67D00B1A165 /* TextViewWrapperView.swift in Sources */,
				8292AD8F22ECB67D00B1A165 /* LineNumberLayoutManager.swift in Sources */,
				8209E25D22F647F400C8CA49 /* CppLexer.swift in Sources */,
				8292AD9022ECB67D00B1A165 /* SyntaxTextViewLayoutManager.swift in Sources */,
				8292AD9122ECB67D00B1A165 /* Paragraphs.swift in Sources */,
				82219CC122EE465B0034FA46 /* AssemblyLexer.swift in Sources */,
			);
			runOnlyForDeploymentPostprocessing = 0;
		};
		82AF54EC22E8D8E300550E9D /* Sources */ = {
			isa = PBXSourcesBuildPhase;
			buildActionMask = 2147483647;
			files = (
				8292AC7C22ECB1B800B1A165 /* Response.swift in Sources */,
				8292AC7922ECB1B800B1A165 /* Source.swift in Sources */,
				8209E24822F6154100C8CA49 /* Tables.swift in Sources */,
				8292AC7E22ECB1B800B1A165 /* Client.swift in Sources */,
				8292AC7D22ECB1B800B1A165 /* Compiler.swift in Sources */,
				8292AC7A22ECB1B800B1A165 /* Language.swift in Sources */,
				8209E23E22F5754D00C8CA49 /* Shortlink.swift in Sources */,
				8292AC7B22ECB1B800B1A165 /* Session.swift in Sources */,
			);
			runOnlyForDeploymentPostprocessing = 0;
		};
/* End PBXSourcesBuildPhase section */

/* Begin PBXTargetDependency section */
		8209E26922F648B400C8CA49 /* PBXTargetDependency */ = {
			isa = PBXTargetDependency;
			target = 8209E26222F648B400C8CA49 /* CompilerExplorerKit */;
			targetProxy = 8209E26822F648B400C8CA49 /* PBXContainerItemProxy */;
		};
		8209E27522F648EF00C8CA49 /* PBXTargetDependency */ = {
			isa = PBXTargetDependency;
			target = 82AF54EF22E8D8E300550E9D /* GodBolt */;
			targetProxy = 8209E27422F648EF00C8CA49 /* PBXContainerItemProxy */;
		};
		8209E27722F648EF00C8CA49 /* PBXTargetDependency */ = {
			isa = PBXTargetDependency;
			target = 82AF54B822E8D8C100550E9D /* SavannaKit */;
			targetProxy = 8209E27622F648EF00C8CA49 /* PBXContainerItemProxy */;
		};
		82AF549922E8D89500550E9D /* PBXTargetDependency */ = {
			isa = PBXTargetDependency;
			target = 82AF547F22E8D89300550E9D /* Compiler Explorer */;
			targetProxy = 82AF549822E8D89500550E9D /* PBXContainerItemProxy */;
		};
		82AF54A422E8D89500550E9D /* PBXTargetDependency */ = {
			isa = PBXTargetDependency;
			target = 82AF547F22E8D89300550E9D /* Compiler Explorer */;
			targetProxy = 82AF54A322E8D89500550E9D /* PBXContainerItemProxy */;
		};
		82AF54BF22E8D8C100550E9D /* PBXTargetDependency */ = {
			isa = PBXTargetDependency;
			target = 82AF54B822E8D8C100550E9D /* SavannaKit */;
			targetProxy = 82AF54BE22E8D8C100550E9D /* PBXContainerItemProxy */;
		};
		82AF54F622E8D8E300550E9D /* PBXTargetDependency */ = {
			isa = PBXTargetDependency;
			target = 82AF54EF22E8D8E300550E9D /* GodBolt */;
			targetProxy = 82AF54F522E8D8E300550E9D /* PBXContainerItemProxy */;
		};
/* End PBXTargetDependency section */

/* Begin PBXVariantGroup section */
		82AF548E22E8D89400550E9D /* Main.storyboard */ = {
			isa = PBXVariantGroup;
			children = (
				82AF548F22E8D89400550E9D /* Base */,
			);
			name = Main.storyboard;
			sourceTree = "<group>";
		};
/* End PBXVariantGroup section */

/* Begin XCBuildConfiguration section */
		8209E26D22F648B400C8CA49 /* Debug */ = {
			isa = XCBuildConfiguration;
			buildSettings = {
				CODE_SIGN_STYLE = Automatic;
				COMBINE_HIDPI_IMAGES = YES;
				CURRENT_PROJECT_VERSION = 1;
				DEFINES_MODULE = YES;
				DEVELOPMENT_TEAM = D33M56YTC8;
				DYLIB_COMPATIBILITY_VERSION = 1;
				DYLIB_CURRENT_VERSION = 1;
				DYLIB_INSTALL_NAME_BASE = "@rpath";
				INFOPLIST_FILE = ../CompilerExplorerKit/Info.plist;
				INSTALL_PATH = "$(LOCAL_LIBRARY_DIR)/Frameworks";
				LD_RUNPATH_SEARCH_PATHS = (
					"$(inherited)",
					"@executable_path/../Frameworks",
					"@loader_path/Frameworks",
				);
				PRODUCT_BUNDLE_IDENTIFIER = com.codafi.CompilerExplorerKit;
				PRODUCT_NAME = "$(TARGET_NAME:c99extidentifier)";
				SKIP_INSTALL = YES;
				SWIFT_VERSION = 5.0;
				VERSIONING_SYSTEM = "apple-generic";
				VERSION_INFO_PREFIX = "";
			};
			name = Debug;
		};
		8209E26E22F648B400C8CA49 /* Release */ = {
			isa = XCBuildConfiguration;
			buildSettings = {
				CODE_SIGN_STYLE = Automatic;
				COMBINE_HIDPI_IMAGES = YES;
				CURRENT_PROJECT_VERSION = 1;
				DEFINES_MODULE = YES;
				DEVELOPMENT_TEAM = D33M56YTC8;
				DYLIB_COMPATIBILITY_VERSION = 1;
				DYLIB_CURRENT_VERSION = 1;
				DYLIB_INSTALL_NAME_BASE = "@rpath";
				INFOPLIST_FILE = ../CompilerExplorerKit/Info.plist;
				INSTALL_PATH = "$(LOCAL_LIBRARY_DIR)/Frameworks";
				LD_RUNPATH_SEARCH_PATHS = (
					"$(inherited)",
					"@executable_path/../Frameworks",
					"@loader_path/Frameworks",
				);
				PRODUCT_BUNDLE_IDENTIFIER = com.codafi.CompilerExplorerKit;
				PRODUCT_NAME = "$(TARGET_NAME:c99extidentifier)";
				SKIP_INSTALL = YES;
				SWIFT_VERSION = 5.0;
				VERSIONING_SYSTEM = "apple-generic";
				VERSION_INFO_PREFIX = "";
			};
			name = Release;
		};
		82AF54A922E8D89500550E9D /* Debug */ = {
			isa = XCBuildConfiguration;
			buildSettings = {
				ALWAYS_SEARCH_USER_PATHS = NO;
				CLANG_ANALYZER_NONNULL = YES;
				CLANG_ANALYZER_NUMBER_OBJECT_CONVERSION = YES_AGGRESSIVE;
				CLANG_CXX_LANGUAGE_STANDARD = "gnu++14";
				CLANG_CXX_LIBRARY = "libc++";
				CLANG_ENABLE_MODULES = YES;
				CLANG_ENABLE_OBJC_ARC = YES;
				CLANG_ENABLE_OBJC_WEAK = YES;
				CLANG_WARN_BLOCK_CAPTURE_AUTORELEASING = YES;
				CLANG_WARN_BOOL_CONVERSION = YES;
				CLANG_WARN_COMMA = YES;
				CLANG_WARN_CONSTANT_CONVERSION = YES;
				CLANG_WARN_DEPRECATED_OBJC_IMPLEMENTATIONS = YES;
				CLANG_WARN_DIRECT_OBJC_ISA_USAGE = YES_ERROR;
				CLANG_WARN_DOCUMENTATION_COMMENTS = YES;
				CLANG_WARN_EMPTY_BODY = YES;
				CLANG_WARN_ENUM_CONVERSION = YES;
				CLANG_WARN_INFINITE_RECURSION = YES;
				CLANG_WARN_INT_CONVERSION = YES;
				CLANG_WARN_NON_LITERAL_NULL_CONVERSION = YES;
				CLANG_WARN_OBJC_IMPLICIT_RETAIN_SELF = YES;
				CLANG_WARN_OBJC_LITERAL_CONVERSION = YES;
				CLANG_WARN_OBJC_ROOT_CLASS = YES_ERROR;
				CLANG_WARN_RANGE_LOOP_ANALYSIS = YES;
				CLANG_WARN_STRICT_PROTOTYPES = YES;
				CLANG_WARN_SUSPICIOUS_MOVE = YES;
				CLANG_WARN_UNGUARDED_AVAILABILITY = YES_AGGRESSIVE;
				CLANG_WARN_UNREACHABLE_CODE = YES;
				CLANG_WARN__DUPLICATE_METHOD_MATCH = YES;
				COPY_PHASE_STRIP = NO;
				DEBUG_INFORMATION_FORMAT = dwarf;
				ENABLE_STRICT_OBJC_MSGSEND = YES;
				ENABLE_TESTABILITY = YES;
				GCC_C_LANGUAGE_STANDARD = gnu11;
				GCC_DYNAMIC_NO_PIC = NO;
				GCC_NO_COMMON_BLOCKS = YES;
				GCC_OPTIMIZATION_LEVEL = 0;
				GCC_PREPROCESSOR_DEFINITIONS = (
					"DEBUG=1",
					"$(inherited)",
				);
				GCC_WARN_64_TO_32_BIT_CONVERSION = YES;
				GCC_WARN_ABOUT_RETURN_TYPE = YES_ERROR;
				GCC_WARN_UNDECLARED_SELECTOR = YES;
				GCC_WARN_UNINITIALIZED_AUTOS = YES_AGGRESSIVE;
				GCC_WARN_UNUSED_FUNCTION = YES;
				GCC_WARN_UNUSED_VARIABLE = YES;
				MACOSX_DEPLOYMENT_TARGET = 10.15;
				MTL_ENABLE_DEBUG_INFO = INCLUDE_SOURCE;
				MTL_FAST_MATH = YES;
				ONLY_ACTIVE_ARCH = YES;
				SDKROOT = macosx;
				SWIFT_ACTIVE_COMPILATION_CONDITIONS = DEBUG;
				SWIFT_OPTIMIZATION_LEVEL = "-Onone";
			};
			name = Debug;
		};
		82AF54AA22E8D89500550E9D /* Release */ = {
			isa = XCBuildConfiguration;
			buildSettings = {
				ALWAYS_SEARCH_USER_PATHS = NO;
				CLANG_ANALYZER_NONNULL = YES;
				CLANG_ANALYZER_NUMBER_OBJECT_CONVERSION = YES_AGGRESSIVE;
				CLANG_CXX_LANGUAGE_STANDARD = "gnu++14";
				CLANG_CXX_LIBRARY = "libc++";
				CLANG_ENABLE_MODULES = YES;
				CLANG_ENABLE_OBJC_ARC = YES;
				CLANG_ENABLE_OBJC_WEAK = YES;
				CLANG_WARN_BLOCK_CAPTURE_AUTORELEASING = YES;
				CLANG_WARN_BOOL_CONVERSION = YES;
				CLANG_WARN_COMMA = YES;
				CLANG_WARN_CONSTANT_CONVERSION = YES;
				CLANG_WARN_DEPRECATED_OBJC_IMPLEMENTATIONS = YES;
				CLANG_WARN_DIRECT_OBJC_ISA_USAGE = YES_ERROR;
				CLANG_WARN_DOCUMENTATION_COMMENTS = YES;
				CLANG_WARN_EMPTY_BODY = YES;
				CLANG_WARN_ENUM_CONVERSION = YES;
				CLANG_WARN_INFINITE_RECURSION = YES;
				CLANG_WARN_INT_CONVERSION = YES;
				CLANG_WARN_NON_LITERAL_NULL_CONVERSION = YES;
				CLANG_WARN_OBJC_IMPLICIT_RETAIN_SELF = YES;
				CLANG_WARN_OBJC_LITERAL_CONVERSION = YES;
				CLANG_WARN_OBJC_ROOT_CLASS = YES_ERROR;
				CLANG_WARN_RANGE_LOOP_ANALYSIS = YES;
				CLANG_WARN_STRICT_PROTOTYPES = YES;
				CLANG_WARN_SUSPICIOUS_MOVE = YES;
				CLANG_WARN_UNGUARDED_AVAILABILITY = YES_AGGRESSIVE;
				CLANG_WARN_UNREACHABLE_CODE = YES;
				CLANG_WARN__DUPLICATE_METHOD_MATCH = YES;
				COPY_PHASE_STRIP = NO;
				DEBUG_INFORMATION_FORMAT = "dwarf-with-dsym";
				ENABLE_NS_ASSERTIONS = NO;
				ENABLE_STRICT_OBJC_MSGSEND = YES;
				GCC_C_LANGUAGE_STANDARD = gnu11;
				GCC_NO_COMMON_BLOCKS = YES;
				GCC_WARN_64_TO_32_BIT_CONVERSION = YES;
				GCC_WARN_ABOUT_RETURN_TYPE = YES_ERROR;
				GCC_WARN_UNDECLARED_SELECTOR = YES;
				GCC_WARN_UNINITIALIZED_AUTOS = YES_AGGRESSIVE;
				GCC_WARN_UNUSED_FUNCTION = YES;
				GCC_WARN_UNUSED_VARIABLE = YES;
				MACOSX_DEPLOYMENT_TARGET = 10.15;
				MTL_ENABLE_DEBUG_INFO = NO;
				MTL_FAST_MATH = YES;
				SDKROOT = macosx;
				SWIFT_COMPILATION_MODE = wholemodule;
				SWIFT_OPTIMIZATION_LEVEL = "-O";
			};
			name = Release;
		};
		82AF54AC22E8D89500550E9D /* Debug */ = {
			isa = XCBuildConfiguration;
			buildSettings = {
				ALWAYS_EMBED_SWIFT_STANDARD_LIBRARIES = YES;
				ASSETCATALOG_COMPILER_APPICON_NAME = AppIcon;
				CODE_SIGN_ENTITLEMENTS = "Compiler Explorer/Compiler_Explorer.entitlements";
				CODE_SIGN_STYLE = Automatic;
				COMBINE_HIDPI_IMAGES = YES;
				DEVELOPMENT_ASSET_PATHS = "\"Compiler Explorer\"/Preview\\ Content";
				DEVELOPMENT_TEAM = D33M56YTC8;
				ENABLE_HARDENED_RUNTIME = YES;
				ENABLE_PREVIEWS = YES;
				INFOPLIST_FILE = "Compiler Explorer/Info.plist";
				LD_RUNPATH_SEARCH_PATHS = (
					"$(inherited)",
					"@executable_path/../Frameworks",
				);
				PRODUCT_BUNDLE_IDENTIFIER = "com.codafi.Compiler-Explorer";
				PRODUCT_NAME = "$(TARGET_NAME)";
				SWIFT_VERSION = 5.0;
			};
			name = Debug;
		};
		82AF54AD22E8D89500550E9D /* Release */ = {
			isa = XCBuildConfiguration;
			buildSettings = {
				ALWAYS_EMBED_SWIFT_STANDARD_LIBRARIES = YES;
				ASSETCATALOG_COMPILER_APPICON_NAME = AppIcon;
				CODE_SIGN_ENTITLEMENTS = "Compiler Explorer/Compiler_Explorer.entitlements";
				CODE_SIGN_STYLE = Automatic;
				COMBINE_HIDPI_IMAGES = YES;
				DEVELOPMENT_ASSET_PATHS = "\"Compiler Explorer\"/Preview\\ Content";
				DEVELOPMENT_TEAM = D33M56YTC8;
				ENABLE_HARDENED_RUNTIME = YES;
				ENABLE_PREVIEWS = YES;
				INFOPLIST_FILE = "Compiler Explorer/Info.plist";
				LD_RUNPATH_SEARCH_PATHS = (
					"$(inherited)",
					"@executable_path/../Frameworks",
				);
				PRODUCT_BUNDLE_IDENTIFIER = "com.codafi.Compiler-Explorer";
				PRODUCT_NAME = "$(TARGET_NAME)";
				SWIFT_VERSION = 5.0;
			};
			name = Release;
		};
		82AF54AF22E8D89500550E9D /* Debug */ = {
			isa = XCBuildConfiguration;
			buildSettings = {
				ALWAYS_EMBED_SWIFT_STANDARD_LIBRARIES = YES;
				BUNDLE_LOADER = "$(TEST_HOST)";
				CODE_SIGN_STYLE = Automatic;
				COMBINE_HIDPI_IMAGES = YES;
				DEVELOPMENT_TEAM = D33M56YTC8;
				INFOPLIST_FILE = "Compiler ExplorerTests/Info.plist";
				LD_RUNPATH_SEARCH_PATHS = (
					"$(inherited)",
					"@executable_path/../Frameworks",
					"@loader_path/../Frameworks",
				);
				PRODUCT_BUNDLE_IDENTIFIER = "com.codafi.Compiler-ExplorerTests";
				PRODUCT_NAME = "$(TARGET_NAME)";
				SWIFT_VERSION = 5.0;
				TEST_HOST = "$(BUILT_PRODUCTS_DIR)/Compiler Explorer.app/Contents/MacOS/Compiler Explorer";
			};
			name = Debug;
		};
		82AF54B022E8D89500550E9D /* Release */ = {
			isa = XCBuildConfiguration;
			buildSettings = {
				ALWAYS_EMBED_SWIFT_STANDARD_LIBRARIES = YES;
				BUNDLE_LOADER = "$(TEST_HOST)";
				CODE_SIGN_STYLE = Automatic;
				COMBINE_HIDPI_IMAGES = YES;
				DEVELOPMENT_TEAM = D33M56YTC8;
				INFOPLIST_FILE = "Compiler ExplorerTests/Info.plist";
				LD_RUNPATH_SEARCH_PATHS = (
					"$(inherited)",
					"@executable_path/../Frameworks",
					"@loader_path/../Frameworks",
				);
				PRODUCT_BUNDLE_IDENTIFIER = "com.codafi.Compiler-ExplorerTests";
				PRODUCT_NAME = "$(TARGET_NAME)";
				SWIFT_VERSION = 5.0;
				TEST_HOST = "$(BUILT_PRODUCTS_DIR)/Compiler Explorer.app/Contents/MacOS/Compiler Explorer";
			};
			name = Release;
		};
		82AF54B222E8D89500550E9D /* Debug */ = {
			isa = XCBuildConfiguration;
			buildSettings = {
				ALWAYS_EMBED_SWIFT_STANDARD_LIBRARIES = YES;
				CODE_SIGN_STYLE = Automatic;
				COMBINE_HIDPI_IMAGES = YES;
				DEVELOPMENT_TEAM = D33M56YTC8;
				INFOPLIST_FILE = "Compiler ExplorerUITests/Info.plist";
				LD_RUNPATH_SEARCH_PATHS = (
					"$(inherited)",
					"@executable_path/../Frameworks",
					"@loader_path/../Frameworks",
				);
				PRODUCT_BUNDLE_IDENTIFIER = "com.codafi.Compiler-ExplorerUITests";
				PRODUCT_NAME = "$(TARGET_NAME)";
				SWIFT_VERSION = 5.0;
				TEST_TARGET_NAME = "Compiler Explorer";
			};
			name = Debug;
		};
		82AF54B322E8D89500550E9D /* Release */ = {
			isa = XCBuildConfiguration;
			buildSettings = {
				ALWAYS_EMBED_SWIFT_STANDARD_LIBRARIES = YES;
				CODE_SIGN_STYLE = Automatic;
				COMBINE_HIDPI_IMAGES = YES;
				DEVELOPMENT_TEAM = D33M56YTC8;
				INFOPLIST_FILE = "Compiler ExplorerUITests/Info.plist";
				LD_RUNPATH_SEARCH_PATHS = (
					"$(inherited)",
					"@executable_path/../Frameworks",
					"@loader_path/../Frameworks",
				);
				PRODUCT_BUNDLE_IDENTIFIER = "com.codafi.Compiler-ExplorerUITests";
				PRODUCT_NAME = "$(TARGET_NAME)";
				SWIFT_VERSION = 5.0;
				TEST_TARGET_NAME = "Compiler Explorer";
			};
			name = Release;
		};
		82AF54C322E8D8C100550E9D /* Debug */ = {
			isa = XCBuildConfiguration;
			buildSettings = {
				CLANG_ENABLE_MODULES = YES;
				CODE_SIGN_STYLE = Automatic;
				COMBINE_HIDPI_IMAGES = YES;
				CURRENT_PROJECT_VERSION = 1;
				DEFINES_MODULE = YES;
				DEVELOPMENT_TEAM = D33M56YTC8;
				DYLIB_COMPATIBILITY_VERSION = 1;
				DYLIB_CURRENT_VERSION = 1;
				DYLIB_INSTALL_NAME_BASE = "@rpath";
				INFOPLIST_FILE = ../SavannaKit/Info.plist;
				INSTALL_PATH = "$(LOCAL_LIBRARY_DIR)/Frameworks";
				LD_RUNPATH_SEARCH_PATHS = (
					"$(inherited)",
					"@executable_path/../Frameworks",
					"@loader_path/Frameworks",
				);
				PRODUCT_BUNDLE_IDENTIFIER = com.codafi.SavannaKit;
				PRODUCT_NAME = "$(TARGET_NAME:c99extidentifier)";
				SKIP_INSTALL = YES;
				SWIFT_OPTIMIZATION_LEVEL = "-Onone";
				SWIFT_VERSION = 5.0;
				VERSIONING_SYSTEM = "apple-generic";
				VERSION_INFO_PREFIX = "";
			};
			name = Debug;
		};
		82AF54C422E8D8C100550E9D /* Release */ = {
			isa = XCBuildConfiguration;
			buildSettings = {
				CLANG_ENABLE_MODULES = YES;
				CODE_SIGN_STYLE = Automatic;
				COMBINE_HIDPI_IMAGES = YES;
				CURRENT_PROJECT_VERSION = 1;
				DEFINES_MODULE = YES;
				DEVELOPMENT_TEAM = D33M56YTC8;
				DYLIB_COMPATIBILITY_VERSION = 1;
				DYLIB_CURRENT_VERSION = 1;
				DYLIB_INSTALL_NAME_BASE = "@rpath";
				INFOPLIST_FILE = ../SavannaKit/Info.plist;
				INSTALL_PATH = "$(LOCAL_LIBRARY_DIR)/Frameworks";
				LD_RUNPATH_SEARCH_PATHS = (
					"$(inherited)",
					"@executable_path/../Frameworks",
					"@loader_path/Frameworks",
				);
				PRODUCT_BUNDLE_IDENTIFIER = com.codafi.SavannaKit;
				PRODUCT_NAME = "$(TARGET_NAME:c99extidentifier)";
				SKIP_INSTALL = YES;
				SWIFT_VERSION = 5.0;
				VERSIONING_SYSTEM = "apple-generic";
				VERSION_INFO_PREFIX = "";
			};
			name = Release;
		};
		82AF54FA22E8D8E300550E9D /* Debug */ = {
			isa = XCBuildConfiguration;
			buildSettings = {
				CLANG_ENABLE_MODULES = YES;
				CODE_SIGN_STYLE = Automatic;
				COMBINE_HIDPI_IMAGES = YES;
				CURRENT_PROJECT_VERSION = 1;
				DEFINES_MODULE = YES;
				DEVELOPMENT_TEAM = D33M56YTC8;
				DYLIB_COMPATIBILITY_VERSION = 1;
				DYLIB_CURRENT_VERSION = 1;
				DYLIB_INSTALL_NAME_BASE = "@rpath";
				INFOPLIST_FILE = ../GodBolt/Info.plist;
				INSTALL_PATH = "$(LOCAL_LIBRARY_DIR)/Frameworks";
				LD_RUNPATH_SEARCH_PATHS = (
					"$(inherited)",
					"@executable_path/../Frameworks",
					"@loader_path/Frameworks",
				);
				PRODUCT_BUNDLE_IDENTIFIER = com.codafi.GodBolt;
				PRODUCT_NAME = "$(TARGET_NAME:c99extidentifier)";
				SKIP_INSTALL = YES;
				SWIFT_OPTIMIZATION_LEVEL = "-Onone";
				SWIFT_VERSION = 5.0;
				VERSIONING_SYSTEM = "apple-generic";
				VERSION_INFO_PREFIX = "";
			};
			name = Debug;
		};
		82AF54FB22E8D8E300550E9D /* Release */ = {
			isa = XCBuildConfiguration;
			buildSettings = {
				CLANG_ENABLE_MODULES = YES;
				CODE_SIGN_STYLE = Automatic;
				COMBINE_HIDPI_IMAGES = YES;
				CURRENT_PROJECT_VERSION = 1;
				DEFINES_MODULE = YES;
				DEVELOPMENT_TEAM = D33M56YTC8;
				DYLIB_COMPATIBILITY_VERSION = 1;
				DYLIB_CURRENT_VERSION = 1;
				DYLIB_INSTALL_NAME_BASE = "@rpath";
				INFOPLIST_FILE = ../GodBolt/Info.plist;
				INSTALL_PATH = "$(LOCAL_LIBRARY_DIR)/Frameworks";
				LD_RUNPATH_SEARCH_PATHS = (
					"$(inherited)",
					"@executable_path/../Frameworks",
					"@loader_path/Frameworks",
				);
				PRODUCT_BUNDLE_IDENTIFIER = com.codafi.GodBolt;
				PRODUCT_NAME = "$(TARGET_NAME:c99extidentifier)";
				SKIP_INSTALL = YES;
				SWIFT_VERSION = 5.0;
				VERSIONING_SYSTEM = "apple-generic";
				VERSION_INFO_PREFIX = "";
			};
			name = Release;
		};
/* End XCBuildConfiguration section */

/* Begin XCConfigurationList section */
		8209E26C22F648B400C8CA49 /* Build configuration list for PBXNativeTarget "CompilerExplorerKit" */ = {
			isa = XCConfigurationList;
			buildConfigurations = (
				8209E26D22F648B400C8CA49 /* Debug */,
				8209E26E22F648B400C8CA49 /* Release */,
			);
			defaultConfigurationIsVisible = 0;
			defaultConfigurationName = Release;
		};
		82AF547B22E8D89300550E9D /* Build configuration list for PBXProject "Compiler Explorer" */ = {
			isa = XCConfigurationList;
			buildConfigurations = (
				82AF54A922E8D89500550E9D /* Debug */,
				82AF54AA22E8D89500550E9D /* Release */,
			);
			defaultConfigurationIsVisible = 0;
			defaultConfigurationName = Release;
		};
		82AF54AB22E8D89500550E9D /* Build configuration list for PBXNativeTarget "Compiler Explorer" */ = {
			isa = XCConfigurationList;
			buildConfigurations = (
				82AF54AC22E8D89500550E9D /* Debug */,
				82AF54AD22E8D89500550E9D /* Release */,
			);
			defaultConfigurationIsVisible = 0;
			defaultConfigurationName = Release;
		};
		82AF54AE22E8D89500550E9D /* Build configuration list for PBXNativeTarget "Compiler ExplorerTests" */ = {
			isa = XCConfigurationList;
			buildConfigurations = (
				82AF54AF22E8D89500550E9D /* Debug */,
				82AF54B022E8D89500550E9D /* Release */,
			);
			defaultConfigurationIsVisible = 0;
			defaultConfigurationName = Release;
		};
		82AF54B122E8D89500550E9D /* Build configuration list for PBXNativeTarget "Compiler ExplorerUITests" */ = {
			isa = XCConfigurationList;
			buildConfigurations = (
				82AF54B222E8D89500550E9D /* Debug */,
				82AF54B322E8D89500550E9D /* Release */,
			);
			defaultConfigurationIsVisible = 0;
			defaultConfigurationName = Release;
		};
		82AF54C222E8D8C100550E9D /* Build configuration list for PBXNativeTarget "SavannaKit" */ = {
			isa = XCConfigurationList;
			buildConfigurations = (
				82AF54C322E8D8C100550E9D /* Debug */,
				82AF54C422E8D8C100550E9D /* Release */,
			);
			defaultConfigurationIsVisible = 0;
			defaultConfigurationName = Release;
		};
		82AF54F922E8D8E300550E9D /* Build configuration list for PBXNativeTarget "GodBolt" */ = {
			isa = XCConfigurationList;
			buildConfigurations = (
				82AF54FA22E8D8E300550E9D /* Debug */,
				82AF54FB22E8D8E300550E9D /* Release */,
			);
			defaultConfigurationIsVisible = 0;
			defaultConfigurationName = Release;
		};
/* End XCConfigurationList section */
	};
	rootObject = 82AF547822E8D89300550E9D /* Project object */;
}
